// !$*UTF8*$!
{
	archiveVersion = 1;
	classes = {
	};
	objectVersion = 55;
	objects = {

/* Begin PBXBuildFile section */
		6154F5CB2939388900EE21BC /* day1.framework in Frameworks */ = {isa = PBXBuildFile; fileRef = 6154F5C32939388800EE21BC /* day1.framework */; };
		6154F5D02939388900EE21BC /* day1Tests.swift in Sources */ = {isa = PBXBuildFile; fileRef = 6154F5CF2939388900EE21BC /* day1Tests.swift */; };
		6154F5D12939388900EE21BC /* day1.h in Headers */ = {isa = PBXBuildFile; fileRef = 6154F5C52939388800EE21BC /* day1.h */; settings = {ATTRIBUTES = (Public, ); }; };
		6154F5D9293938E400EE21BC /* day1.swift in Sources */ = {isa = PBXBuildFile; fileRef = 6154F5D8293938E400EE21BC /* day1.swift */; };
		6154F5E429393A6A00EE21BC /* main.swift in Sources */ = {isa = PBXBuildFile; fileRef = 6154F5E329393A6A00EE21BC /* main.swift */; };
		6154F5EB29393B7A00EE21BC /* day1input.txt in CopyFiles */ = {isa = PBXBuildFile; fileRef = 6154F5EA29393AC400EE21BC /* day1input.txt */; };
		6154F5F92939F22F00EE21BC /* day2.framework in Frameworks */ = {isa = PBXBuildFile; fileRef = 6154F5F12939F22F00EE21BC /* day2.framework */; };
		6154F5FE2939F22F00EE21BC /* day2Tests.swift in Sources */ = {isa = PBXBuildFile; fileRef = 6154F5FD2939F22F00EE21BC /* day2Tests.swift */; };
		6154F5FF2939F22F00EE21BC /* day2.h in Headers */ = {isa = PBXBuildFile; fileRef = 6154F5F32939F22F00EE21BC /* day2.h */; settings = {ATTRIBUTES = (Public, ); }; };
		6154F6072939F23D00EE21BC /* day2.swift in Sources */ = {isa = PBXBuildFile; fileRef = 6154F6062939F23D00EE21BC /* day2.swift */; };
		6154F6142939FC7D00EE21BC /* day2input.txt in CopyFiles */ = {isa = PBXBuildFile; fileRef = 6154F6132939FC6F00EE21BC /* day2input.txt */; };
		6154F617293A067B00EE21BC /* main.swift in Sources */ = {isa = PBXBuildFile; fileRef = 6154F60E2939FC3C00EE21BC /* main.swift */; };
		6154F625293B4B0900EE21BC /* day3.framework in Frameworks */ = {isa = PBXBuildFile; fileRef = 6154F61D293B4B0900EE21BC /* day3.framework */; };
		6154F62A293B4B0900EE21BC /* day3Tests.swift in Sources */ = {isa = PBXBuildFile; fileRef = 6154F629293B4B0900EE21BC /* day3Tests.swift */; };
		6154F62B293B4B0900EE21BC /* day3.h in Headers */ = {isa = PBXBuildFile; fileRef = 6154F61F293B4B0900EE21BC /* day3.h */; settings = {ATTRIBUTES = (Public, ); }; };
		6154F633293B4B2F00EE21BC /* day3.swift in Sources */ = {isa = PBXBuildFile; fileRef = 6154F632293B4B2F00EE21BC /* day3.swift */; };
		6154F63B293B55E000EE21BC /* main.swift in Sources */ = {isa = PBXBuildFile; fileRef = 6154F63A293B55E000EE21BC /* main.swift */; };
		6154F640293B562900EE21BC /* day3input.txt in CopyFiles */ = {isa = PBXBuildFile; fileRef = 6154F63F293B560500EE21BC /* day3input.txt */; };
		6154F650293C9B0A00EE21BC /* Day4.framework in Frameworks */ = {isa = PBXBuildFile; fileRef = 6154F648293C9B0A00EE21BC /* Day4.framework */; };
		6154F655293C9B0A00EE21BC /* Day4Tests.swift in Sources */ = {isa = PBXBuildFile; fileRef = 6154F654293C9B0A00EE21BC /* Day4Tests.swift */; };
		6154F656293C9B0A00EE21BC /* Day4.h in Headers */ = {isa = PBXBuildFile; fileRef = 6154F64A293C9B0A00EE21BC /* Day4.h */; settings = {ATTRIBUTES = (Public, ); }; };
		6154F65E293C9B2000EE21BC /* Day4.swift in Sources */ = {isa = PBXBuildFile; fileRef = 6154F65D293C9B2000EE21BC /* Day4.swift */; };
		6154F666293CA06B00EE21BC /* main.swift in Sources */ = {isa = PBXBuildFile; fileRef = 6154F665293CA06B00EE21BC /* main.swift */; };
		6154F66B293CA09A00EE21BC /* day4input.txt in CopyFiles */ = {isa = PBXBuildFile; fileRef = 6154F66A293CA08A00EE21BC /* day4input.txt */; };
		6154F67B293E5E4E00EE21BC /* Day5.framework in Frameworks */ = {isa = PBXBuildFile; fileRef = 6154F673293E5E4E00EE21BC /* Day5.framework */; };
		6154F680293E5E4E00EE21BC /* Day5Tests.swift in Sources */ = {isa = PBXBuildFile; fileRef = 6154F67F293E5E4E00EE21BC /* Day5Tests.swift */; };
		6154F681293E5E4E00EE21BC /* Day5.h in Headers */ = {isa = PBXBuildFile; fileRef = 6154F675293E5E4E00EE21BC /* Day5.h */; settings = {ATTRIBUTES = (Public, ); }; };
		6154F689293E5E5E00EE21BC /* Day5.swift in Sources */ = {isa = PBXBuildFile; fileRef = 6154F688293E5E5E00EE21BC /* Day5.swift */; };
		6154F691293E819E00EE21BC /* main.swift in Sources */ = {isa = PBXBuildFile; fileRef = 6154F690293E819E00EE21BC /* main.swift */; };
		6154F696293E81CE00EE21BC /* day5input.txt in CopyFiles */ = {isa = PBXBuildFile; fileRef = 6154F695293E81BE00EE21BC /* day5input.txt */; };
		6154F6A6293F5DFC00EE21BC /* Day6.framework in Frameworks */ = {isa = PBXBuildFile; fileRef = 6154F69E293F5DFB00EE21BC /* Day6.framework */; };
		6154F6AB293F5DFC00EE21BC /* Day6Tests.swift in Sources */ = {isa = PBXBuildFile; fileRef = 6154F6AA293F5DFC00EE21BC /* Day6Tests.swift */; };
		6154F6AC293F5DFC00EE21BC /* Day6.h in Headers */ = {isa = PBXBuildFile; fileRef = 6154F6A0293F5DFB00EE21BC /* Day6.h */; settings = {ATTRIBUTES = (Public, ); }; };
		6154F6B4293F6DFF00EE21BC /* Day6.swift in Sources */ = {isa = PBXBuildFile; fileRef = 6154F6B3293F6DFF00EE21BC /* Day6.swift */; };
		6154F6BC293F707300EE21BC /* main.swift in Sources */ = {isa = PBXBuildFile; fileRef = 6154F6BB293F707300EE21BC /* main.swift */; };
		6154F6C1293F709A00EE21BC /* day6input.txt in CopyFiles */ = {isa = PBXBuildFile; fileRef = 6154F6C0293F708900EE21BC /* day6input.txt */; };
/* End PBXBuildFile section */

/* Begin PBXContainerItemProxy section */
		6154F5CC2939388900EE21BC /* PBXContainerItemProxy */ = {
			isa = PBXContainerItemProxy;
			containerPortal = 6154F56029391D8D00EE21BC /* Project object */;
			proxyType = 1;
			remoteGlobalIDString = 6154F5C22939388800EE21BC;
			remoteInfo = day1;
		};
		6154F5E829393A7000EE21BC /* PBXContainerItemProxy */ = {
			isa = PBXContainerItemProxy;
			containerPortal = 6154F56029391D8D00EE21BC /* Project object */;
			proxyType = 1;
			remoteGlobalIDString = 6154F5C22939388800EE21BC;
			remoteInfo = day1;
		};
		6154F5FA2939F22F00EE21BC /* PBXContainerItemProxy */ = {
			isa = PBXContainerItemProxy;
			containerPortal = 6154F56029391D8D00EE21BC /* Project object */;
			proxyType = 1;
			remoteGlobalIDString = 6154F5F02939F22F00EE21BC;
			remoteInfo = day2;
		};
		6154F6152939FC9500EE21BC /* PBXContainerItemProxy */ = {
			isa = PBXContainerItemProxy;
			containerPortal = 6154F56029391D8D00EE21BC /* Project object */;
			proxyType = 1;
			remoteGlobalIDString = 6154F5F02939F22F00EE21BC;
			remoteInfo = day2;
		};
		6154F626293B4B0900EE21BC /* PBXContainerItemProxy */ = {
			isa = PBXContainerItemProxy;
			containerPortal = 6154F56029391D8D00EE21BC /* Project object */;
			proxyType = 1;
			remoteGlobalIDString = 6154F61C293B4B0900EE21BC;
			remoteInfo = day3;
		};
		6154F641293B562F00EE21BC /* PBXContainerItemProxy */ = {
			isa = PBXContainerItemProxy;
			containerPortal = 6154F56029391D8D00EE21BC /* Project object */;
			proxyType = 1;
			remoteGlobalIDString = 6154F61C293B4B0900EE21BC;
			remoteInfo = day3;
		};
		6154F651293C9B0A00EE21BC /* PBXContainerItemProxy */ = {
			isa = PBXContainerItemProxy;
			containerPortal = 6154F56029391D8D00EE21BC /* Project object */;
			proxyType = 1;
			remoteGlobalIDString = 6154F647293C9B0A00EE21BC;
			remoteInfo = Day4;
		};
		6154F66C293CA0A500EE21BC /* PBXContainerItemProxy */ = {
			isa = PBXContainerItemProxy;
			containerPortal = 6154F56029391D8D00EE21BC /* Project object */;
			proxyType = 1;
			remoteGlobalIDString = 6154F647293C9B0A00EE21BC;
			remoteInfo = Day4;
		};
		6154F67C293E5E4E00EE21BC /* PBXContainerItemProxy */ = {
			isa = PBXContainerItemProxy;
			containerPortal = 6154F56029391D8D00EE21BC /* Project object */;
			proxyType = 1;
			remoteGlobalIDString = 6154F672293E5E4E00EE21BC;
			remoteInfo = Day5;
		};
		6154F697293E81D300EE21BC /* PBXContainerItemProxy */ = {
			isa = PBXContainerItemProxy;
			containerPortal = 6154F56029391D8D00EE21BC /* Project object */;
			proxyType = 1;
			remoteGlobalIDString = 6154F672293E5E4E00EE21BC;
			remoteInfo = Day5;
		};
		6154F6A7293F5DFC00EE21BC /* PBXContainerItemProxy */ = {
			isa = PBXContainerItemProxy;
			containerPortal = 6154F56029391D8D00EE21BC /* Project object */;
			proxyType = 1;
			remoteGlobalIDString = 6154F69D293F5DFB00EE21BC;
			remoteInfo = Day6;
		};
		6154F6C2293F70A500EE21BC /* PBXContainerItemProxy */ = {
			isa = PBXContainerItemProxy;
			containerPortal = 6154F56029391D8D00EE21BC /* Project object */;
			proxyType = 1;
			remoteGlobalIDString = 6154F69D293F5DFB00EE21BC;
			remoteInfo = Day6;
		};
/* End PBXContainerItemProxy section */

/* Begin PBXCopyFilesBuildPhase section */
		6154F5DF29393A6A00EE21BC /* CopyFiles */ = {
			isa = PBXCopyFilesBuildPhase;
			buildActionMask = 12;
			dstPath = "";
			dstSubfolderSpec = 16;
			files = (
				6154F5EB29393B7A00EE21BC /* day1input.txt in CopyFiles */,
			);
			runOnlyForDeploymentPostprocessing = 0;
		};
		6154F60A2939FC3C00EE21BC /* CopyFiles */ = {
			isa = PBXCopyFilesBuildPhase;
			buildActionMask = 12;
			dstPath = "";
			dstSubfolderSpec = 16;
			files = (
				6154F6142939FC7D00EE21BC /* day2input.txt in CopyFiles */,
			);
			runOnlyForDeploymentPostprocessing = 0;
		};
		6154F636293B55E000EE21BC /* CopyFiles */ = {
			isa = PBXCopyFilesBuildPhase;
			buildActionMask = 12;
			dstPath = "";
			dstSubfolderSpec = 16;
			files = (
				6154F640293B562900EE21BC /* day3input.txt in CopyFiles */,
			);
			runOnlyForDeploymentPostprocessing = 0;
		};
		6154F661293CA06B00EE21BC /* CopyFiles */ = {
			isa = PBXCopyFilesBuildPhase;
			buildActionMask = 12;
			dstPath = "";
			dstSubfolderSpec = 16;
			files = (
				6154F66B293CA09A00EE21BC /* day4input.txt in CopyFiles */,
			);
			runOnlyForDeploymentPostprocessing = 0;
		};
		6154F68C293E819E00EE21BC /* CopyFiles */ = {
			isa = PBXCopyFilesBuildPhase;
			buildActionMask = 12;
			dstPath = "";
			dstSubfolderSpec = 16;
			files = (
				6154F696293E81CE00EE21BC /* day5input.txt in CopyFiles */,
			);
			runOnlyForDeploymentPostprocessing = 0;
		};
		6154F6B7293F707300EE21BC /* CopyFiles */ = {
			isa = PBXCopyFilesBuildPhase;
			buildActionMask = 12;
			dstPath = "";
			dstSubfolderSpec = 16;
			files = (
				6154F6C1293F709A00EE21BC /* day6input.txt in CopyFiles */,
			);
			runOnlyForDeploymentPostprocessing = 0;
		};
/* End PBXCopyFilesBuildPhase section */

/* Begin PBXFileReference section */
		6154F5752939229A00EE21BC /* XCTest.framework */ = {isa = PBXFileReference; lastKnownFileType = wrapper.framework; name = XCTest.framework; path = Platforms/MacOSX.platform/Developer/Library/Frameworks/XCTest.framework; sourceTree = DEVELOPER_DIR; };
		6154F5C32939388800EE21BC /* day1.framework */ = {isa = PBXFileReference; explicitFileType = wrapper.framework; includeInIndex = 0; path = day1.framework; sourceTree = BUILT_PRODUCTS_DIR; };
		6154F5C52939388800EE21BC /* day1.h */ = {isa = PBXFileReference; lastKnownFileType = sourcecode.c.h; path = day1.h; sourceTree = "<group>"; };
		6154F5CA2939388800EE21BC /* day1Tests.xctest */ = {isa = PBXFileReference; explicitFileType = wrapper.cfbundle; includeInIndex = 0; path = day1Tests.xctest; sourceTree = BUILT_PRODUCTS_DIR; };
		6154F5CF2939388900EE21BC /* day1Tests.swift */ = {isa = PBXFileReference; lastKnownFileType = sourcecode.swift; path = day1Tests.swift; sourceTree = "<group>"; };
		6154F5D8293938E400EE21BC /* day1.swift */ = {isa = PBXFileReference; lastKnownFileType = sourcecode.swift; path = day1.swift; sourceTree = "<group>"; };
		6154F5E129393A6A00EE21BC /* day1executable */ = {isa = PBXFileReference; explicitFileType = "compiled.mach-o.executable"; includeInIndex = 0; path = day1executable; sourceTree = BUILT_PRODUCTS_DIR; };
		6154F5E329393A6A00EE21BC /* main.swift */ = {isa = PBXFileReference; lastKnownFileType = sourcecode.swift; path = main.swift; sourceTree = "<group>"; };
		6154F5EA29393AC400EE21BC /* day1input.txt */ = {isa = PBXFileReference; fileEncoding = 4; lastKnownFileType = text; path = day1input.txt; sourceTree = "<group>"; };
		6154F5F12939F22F00EE21BC /* day2.framework */ = {isa = PBXFileReference; explicitFileType = wrapper.framework; includeInIndex = 0; path = day2.framework; sourceTree = BUILT_PRODUCTS_DIR; };
		6154F5F32939F22F00EE21BC /* day2.h */ = {isa = PBXFileReference; lastKnownFileType = sourcecode.c.h; path = day2.h; sourceTree = "<group>"; };
		6154F5F82939F22F00EE21BC /* day2Tests.xctest */ = {isa = PBXFileReference; explicitFileType = wrapper.cfbundle; includeInIndex = 0; path = day2Tests.xctest; sourceTree = BUILT_PRODUCTS_DIR; };
		6154F5FD2939F22F00EE21BC /* day2Tests.swift */ = {isa = PBXFileReference; lastKnownFileType = sourcecode.swift; path = day2Tests.swift; sourceTree = "<group>"; };
		6154F6062939F23D00EE21BC /* day2.swift */ = {isa = PBXFileReference; lastKnownFileType = sourcecode.swift; path = day2.swift; sourceTree = "<group>"; };
		6154F60C2939FC3C00EE21BC /* day2Executable */ = {isa = PBXFileReference; explicitFileType = "compiled.mach-o.executable"; includeInIndex = 0; path = day2Executable; sourceTree = BUILT_PRODUCTS_DIR; };
		6154F60E2939FC3C00EE21BC /* main.swift */ = {isa = PBXFileReference; lastKnownFileType = sourcecode.swift; path = main.swift; sourceTree = "<group>"; };
		6154F6132939FC6F00EE21BC /* day2input.txt */ = {isa = PBXFileReference; fileEncoding = 4; lastKnownFileType = text; path = day2input.txt; sourceTree = "<group>"; };
		6154F61D293B4B0900EE21BC /* day3.framework */ = {isa = PBXFileReference; explicitFileType = wrapper.framework; includeInIndex = 0; path = day3.framework; sourceTree = BUILT_PRODUCTS_DIR; };
		6154F61F293B4B0900EE21BC /* day3.h */ = {isa = PBXFileReference; lastKnownFileType = sourcecode.c.h; path = day3.h; sourceTree = "<group>"; };
		6154F624293B4B0900EE21BC /* day3Tests.xctest */ = {isa = PBXFileReference; explicitFileType = wrapper.cfbundle; includeInIndex = 0; path = day3Tests.xctest; sourceTree = BUILT_PRODUCTS_DIR; };
		6154F629293B4B0900EE21BC /* day3Tests.swift */ = {isa = PBXFileReference; lastKnownFileType = sourcecode.swift; path = day3Tests.swift; sourceTree = "<group>"; };
		6154F632293B4B2F00EE21BC /* day3.swift */ = {isa = PBXFileReference; lastKnownFileType = sourcecode.swift; path = day3.swift; sourceTree = "<group>"; };
		6154F638293B55E000EE21BC /* day3Executable */ = {isa = PBXFileReference; explicitFileType = "compiled.mach-o.executable"; includeInIndex = 0; path = day3Executable; sourceTree = BUILT_PRODUCTS_DIR; };
		6154F63A293B55E000EE21BC /* main.swift */ = {isa = PBXFileReference; lastKnownFileType = sourcecode.swift; path = main.swift; sourceTree = "<group>"; };
		6154F63F293B560500EE21BC /* day3input.txt */ = {isa = PBXFileReference; lastKnownFileType = text; path = day3input.txt; sourceTree = "<group>"; };
		6154F648293C9B0A00EE21BC /* Day4.framework */ = {isa = PBXFileReference; explicitFileType = wrapper.framework; includeInIndex = 0; path = Day4.framework; sourceTree = BUILT_PRODUCTS_DIR; };
		6154F64A293C9B0A00EE21BC /* Day4.h */ = {isa = PBXFileReference; lastKnownFileType = sourcecode.c.h; path = Day4.h; sourceTree = "<group>"; };
		6154F64F293C9B0A00EE21BC /* Day4Tests.xctest */ = {isa = PBXFileReference; explicitFileType = wrapper.cfbundle; includeInIndex = 0; path = Day4Tests.xctest; sourceTree = BUILT_PRODUCTS_DIR; };
		6154F654293C9B0A00EE21BC /* Day4Tests.swift */ = {isa = PBXFileReference; lastKnownFileType = sourcecode.swift; path = Day4Tests.swift; sourceTree = "<group>"; };
		6154F65D293C9B2000EE21BC /* Day4.swift */ = {isa = PBXFileReference; lastKnownFileType = sourcecode.swift; path = Day4.swift; sourceTree = "<group>"; };
		6154F663293CA06B00EE21BC /* Day4Executable */ = {isa = PBXFileReference; explicitFileType = "compiled.mach-o.executable"; includeInIndex = 0; path = Day4Executable; sourceTree = BUILT_PRODUCTS_DIR; };
		6154F665293CA06B00EE21BC /* main.swift */ = {isa = PBXFileReference; lastKnownFileType = sourcecode.swift; path = main.swift; sourceTree = "<group>"; };
		6154F66A293CA08A00EE21BC /* day4input.txt */ = {isa = PBXFileReference; lastKnownFileType = text; path = day4input.txt; sourceTree = "<group>"; };
		6154F673293E5E4E00EE21BC /* Day5.framework */ = {isa = PBXFileReference; explicitFileType = wrapper.framework; includeInIndex = 0; path = Day5.framework; sourceTree = BUILT_PRODUCTS_DIR; };
		6154F675293E5E4E00EE21BC /* Day5.h */ = {isa = PBXFileReference; lastKnownFileType = sourcecode.c.h; path = Day5.h; sourceTree = "<group>"; };
		6154F67A293E5E4E00EE21BC /* Day5Tests.xctest */ = {isa = PBXFileReference; explicitFileType = wrapper.cfbundle; includeInIndex = 0; path = Day5Tests.xctest; sourceTree = BUILT_PRODUCTS_DIR; };
		6154F67F293E5E4E00EE21BC /* Day5Tests.swift */ = {isa = PBXFileReference; lastKnownFileType = sourcecode.swift; path = Day5Tests.swift; sourceTree = "<group>"; };
		6154F688293E5E5E00EE21BC /* Day5.swift */ = {isa = PBXFileReference; lastKnownFileType = sourcecode.swift; path = Day5.swift; sourceTree = "<group>"; };
		6154F68E293E819E00EE21BC /* Day5Executable */ = {isa = PBXFileReference; explicitFileType = "compiled.mach-o.executable"; includeInIndex = 0; path = Day5Executable; sourceTree = BUILT_PRODUCTS_DIR; };
		6154F690293E819E00EE21BC /* main.swift */ = {isa = PBXFileReference; lastKnownFileType = sourcecode.swift; path = main.swift; sourceTree = "<group>"; };
		6154F695293E81BE00EE21BC /* day5input.txt */ = {isa = PBXFileReference; lastKnownFileType = text; path = day5input.txt; sourceTree = "<group>"; };
		6154F69E293F5DFB00EE21BC /* Day6.framework */ = {isa = PBXFileReference; explicitFileType = wrapper.framework; includeInIndex = 0; path = Day6.framework; sourceTree = BUILT_PRODUCTS_DIR; };
		6154F6A0293F5DFB00EE21BC /* Day6.h */ = {isa = PBXFileReference; lastKnownFileType = sourcecode.c.h; path = Day6.h; sourceTree = "<group>"; };
		6154F6A5293F5DFC00EE21BC /* Day6Tests.xctest */ = {isa = PBXFileReference; explicitFileType = wrapper.cfbundle; includeInIndex = 0; path = Day6Tests.xctest; sourceTree = BUILT_PRODUCTS_DIR; };
		6154F6AA293F5DFC00EE21BC /* Day6Tests.swift */ = {isa = PBXFileReference; lastKnownFileType = sourcecode.swift; path = Day6Tests.swift; sourceTree = "<group>"; };
		6154F6B3293F6DFF00EE21BC /* Day6.swift */ = {isa = PBXFileReference; lastKnownFileType = sourcecode.swift; path = Day6.swift; sourceTree = "<group>"; };
		6154F6B9293F707300EE21BC /* Day6Executable */ = {isa = PBXFileReference; explicitFileType = "compiled.mach-o.executable"; includeInIndex = 0; path = Day6Executable; sourceTree = BUILT_PRODUCTS_DIR; };
		6154F6BB293F707300EE21BC /* main.swift */ = {isa = PBXFileReference; lastKnownFileType = sourcecode.swift; path = main.swift; sourceTree = "<group>"; };
		6154F6C0293F708900EE21BC /* day6input.txt */ = {isa = PBXFileReference; lastKnownFileType = text; path = day6input.txt; sourceTree = "<group>"; };
/* End PBXFileReference section */

/* Begin PBXFrameworksBuildPhase section */
		6154F5C02939388800EE21BC /* Frameworks */ = {
			isa = PBXFrameworksBuildPhase;
			buildActionMask = 2147483647;
			files = (
			);
			runOnlyForDeploymentPostprocessing = 0;
		};
		6154F5C72939388800EE21BC /* Frameworks */ = {
			isa = PBXFrameworksBuildPhase;
			buildActionMask = 2147483647;
			files = (
				6154F5CB2939388900EE21BC /* day1.framework in Frameworks */,
			);
			runOnlyForDeploymentPostprocessing = 0;
		};
		6154F5DE29393A6A00EE21BC /* Frameworks */ = {
			isa = PBXFrameworksBuildPhase;
			buildActionMask = 2147483647;
			files = (
			);
			runOnlyForDeploymentPostprocessing = 0;
		};
		6154F5EE2939F22F00EE21BC /* Frameworks */ = {
			isa = PBXFrameworksBuildPhase;
			buildActionMask = 2147483647;
			files = (
			);
			runOnlyForDeploymentPostprocessing = 0;
		};
		6154F5F52939F22F00EE21BC /* Frameworks */ = {
			isa = PBXFrameworksBuildPhase;
			buildActionMask = 2147483647;
			files = (
				6154F5F92939F22F00EE21BC /* day2.framework in Frameworks */,
			);
			runOnlyForDeploymentPostprocessing = 0;
		};
		6154F6092939FC3C00EE21BC /* Frameworks */ = {
			isa = PBXFrameworksBuildPhase;
			buildActionMask = 2147483647;
			files = (
			);
			runOnlyForDeploymentPostprocessing = 0;
		};
		6154F61A293B4B0900EE21BC /* Frameworks */ = {
			isa = PBXFrameworksBuildPhase;
			buildActionMask = 2147483647;
			files = (
			);
			runOnlyForDeploymentPostprocessing = 0;
		};
		6154F621293B4B0900EE21BC /* Frameworks */ = {
			isa = PBXFrameworksBuildPhase;
			buildActionMask = 2147483647;
			files = (
				6154F625293B4B0900EE21BC /* day3.framework in Frameworks */,
			);
			runOnlyForDeploymentPostprocessing = 0;
		};
		6154F635293B55E000EE21BC /* Frameworks */ = {
			isa = PBXFrameworksBuildPhase;
			buildActionMask = 2147483647;
			files = (
			);
			runOnlyForDeploymentPostprocessing = 0;
		};
		6154F645293C9B0A00EE21BC /* Frameworks */ = {
			isa = PBXFrameworksBuildPhase;
			buildActionMask = 2147483647;
			files = (
			);
			runOnlyForDeploymentPostprocessing = 0;
		};
		6154F64C293C9B0A00EE21BC /* Frameworks */ = {
			isa = PBXFrameworksBuildPhase;
			buildActionMask = 2147483647;
			files = (
				6154F650293C9B0A00EE21BC /* Day4.framework in Frameworks */,
			);
			runOnlyForDeploymentPostprocessing = 0;
		};
		6154F660293CA06B00EE21BC /* Frameworks */ = {
			isa = PBXFrameworksBuildPhase;
			buildActionMask = 2147483647;
			files = (
			);
			runOnlyForDeploymentPostprocessing = 0;
		};
		6154F670293E5E4E00EE21BC /* Frameworks */ = {
			isa = PBXFrameworksBuildPhase;
			buildActionMask = 2147483647;
			files = (
			);
			runOnlyForDeploymentPostprocessing = 0;
		};
		6154F677293E5E4E00EE21BC /* Frameworks */ = {
			isa = PBXFrameworksBuildPhase;
			buildActionMask = 2147483647;
			files = (
				6154F67B293E5E4E00EE21BC /* Day5.framework in Frameworks */,
			);
			runOnlyForDeploymentPostprocessing = 0;
		};
		6154F68B293E819E00EE21BC /* Frameworks */ = {
			isa = PBXFrameworksBuildPhase;
			buildActionMask = 2147483647;
			files = (
			);
			runOnlyForDeploymentPostprocessing = 0;
		};
		6154F69B293F5DFB00EE21BC /* Frameworks */ = {
			isa = PBXFrameworksBuildPhase;
			buildActionMask = 2147483647;
			files = (
			);
			runOnlyForDeploymentPostprocessing = 0;
		};
		6154F6A2293F5DFC00EE21BC /* Frameworks */ = {
			isa = PBXFrameworksBuildPhase;
			buildActionMask = 2147483647;
			files = (
				6154F6A6293F5DFC00EE21BC /* Day6.framework in Frameworks */,
			);
			runOnlyForDeploymentPostprocessing = 0;
		};
		6154F6B6293F707300EE21BC /* Frameworks */ = {
			isa = PBXFrameworksBuildPhase;
			buildActionMask = 2147483647;
			files = (
			);
			runOnlyForDeploymentPostprocessing = 0;
		};
/* End PBXFrameworksBuildPhase section */

/* Begin PBXGroup section */
		6154F55F29391D8D00EE21BC = {
			isa = PBXGroup;
			children = (
				6154F5C42939388800EE21BC /* day1 */,
				6154F5CE2939388900EE21BC /* day1Tests */,
				6154F5E229393A6A00EE21BC /* day1executable */,
				6154F5F22939F22F00EE21BC /* day2 */,
				6154F5FC2939F22F00EE21BC /* day2Tests */,
				6154F60D2939FC3C00EE21BC /* day2Executable */,
				6154F61E293B4B0900EE21BC /* day3 */,
				6154F628293B4B0900EE21BC /* day3Tests */,
				6154F639293B55E000EE21BC /* day3Executable */,
				6154F649293C9B0A00EE21BC /* Day4 */,
				6154F653293C9B0A00EE21BC /* Day4Tests */,
				6154F664293CA06B00EE21BC /* Day4Executable */,
				6154F674293E5E4E00EE21BC /* Day5 */,
				6154F67E293E5E4E00EE21BC /* Day5Tests */,
				6154F68F293E819E00EE21BC /* Day5Executable */,
				6154F69F293F5DFB00EE21BC /* Day6 */,
				6154F6A9293F5DFC00EE21BC /* Day6Tests */,
				6154F6BA293F707300EE21BC /* Day6Executable */,
				6154F56929391D8D00EE21BC /* Products */,
				6154F5742939229A00EE21BC /* Frameworks */,
			);
			sourceTree = "<group>";
		};
		6154F56929391D8D00EE21BC /* Products */ = {
			isa = PBXGroup;
			children = (
				6154F5C32939388800EE21BC /* day1.framework */,
				6154F5CA2939388800EE21BC /* day1Tests.xctest */,
				6154F5E129393A6A00EE21BC /* day1executable */,
				6154F5F12939F22F00EE21BC /* day2.framework */,
				6154F5F82939F22F00EE21BC /* day2Tests.xctest */,
				6154F60C2939FC3C00EE21BC /* day2Executable */,
				6154F61D293B4B0900EE21BC /* day3.framework */,
				6154F624293B4B0900EE21BC /* day3Tests.xctest */,
				6154F638293B55E000EE21BC /* day3Executable */,
				6154F648293C9B0A00EE21BC /* Day4.framework */,
				6154F64F293C9B0A00EE21BC /* Day4Tests.xctest */,
				6154F663293CA06B00EE21BC /* Day4Executable */,
				6154F673293E5E4E00EE21BC /* Day5.framework */,
				6154F67A293E5E4E00EE21BC /* Day5Tests.xctest */,
				6154F68E293E819E00EE21BC /* Day5Executable */,
				6154F69E293F5DFB00EE21BC /* Day6.framework */,
				6154F6A5293F5DFC00EE21BC /* Day6Tests.xctest */,
				6154F6B9293F707300EE21BC /* Day6Executable */,
			);
			name = Products;
			sourceTree = "<group>";
		};
		6154F5742939229A00EE21BC /* Frameworks */ = {
			isa = PBXGroup;
			children = (
				6154F5752939229A00EE21BC /* XCTest.framework */,
			);
			name = Frameworks;
			sourceTree = "<group>";
		};
		6154F5C42939388800EE21BC /* day1 */ = {
			isa = PBXGroup;
			children = (
				6154F5C52939388800EE21BC /* day1.h */,
				6154F5D8293938E400EE21BC /* day1.swift */,
			);
			path = day1;
			sourceTree = "<group>";
		};
		6154F5CE2939388900EE21BC /* day1Tests */ = {
			isa = PBXGroup;
			children = (
				6154F5CF2939388900EE21BC /* day1Tests.swift */,
			);
			path = day1Tests;
			sourceTree = "<group>";
		};
		6154F5E229393A6A00EE21BC /* day1executable */ = {
			isa = PBXGroup;
			children = (
				6154F5EA29393AC400EE21BC /* day1input.txt */,
				6154F5E329393A6A00EE21BC /* main.swift */,
			);
			path = day1executable;
			sourceTree = "<group>";
		};
		6154F5F22939F22F00EE21BC /* day2 */ = {
			isa = PBXGroup;
			children = (
				6154F5F32939F22F00EE21BC /* day2.h */,
				6154F6062939F23D00EE21BC /* day2.swift */,
			);
			path = day2;
			sourceTree = "<group>";
		};
		6154F5FC2939F22F00EE21BC /* day2Tests */ = {
			isa = PBXGroup;
			children = (
				6154F5FD2939F22F00EE21BC /* day2Tests.swift */,
			);
			path = day2Tests;
			sourceTree = "<group>";
		};
		6154F60D2939FC3C00EE21BC /* day2Executable */ = {
			isa = PBXGroup;
			children = (
				6154F6132939FC6F00EE21BC /* day2input.txt */,
				6154F60E2939FC3C00EE21BC /* main.swift */,
			);
			path = day2Executable;
			sourceTree = "<group>";
		};
		6154F61E293B4B0900EE21BC /* day3 */ = {
			isa = PBXGroup;
			children = (
				6154F61F293B4B0900EE21BC /* day3.h */,
				6154F632293B4B2F00EE21BC /* day3.swift */,
			);
			path = day3;
			sourceTree = "<group>";
		};
		6154F628293B4B0900EE21BC /* day3Tests */ = {
			isa = PBXGroup;
			children = (
				6154F629293B4B0900EE21BC /* day3Tests.swift */,
			);
			path = day3Tests;
			sourceTree = "<group>";
		};
		6154F639293B55E000EE21BC /* day3Executable */ = {
			isa = PBXGroup;
			children = (
				6154F63A293B55E000EE21BC /* main.swift */,
				6154F63F293B560500EE21BC /* day3input.txt */,
			);
			path = day3Executable;
			sourceTree = "<group>";
		};
		6154F649293C9B0A00EE21BC /* Day4 */ = {
			isa = PBXGroup;
			children = (
				6154F64A293C9B0A00EE21BC /* Day4.h */,
				6154F65D293C9B2000EE21BC /* Day4.swift */,
			);
			path = Day4;
			sourceTree = "<group>";
		};
		6154F653293C9B0A00EE21BC /* Day4Tests */ = {
			isa = PBXGroup;
			children = (
				6154F654293C9B0A00EE21BC /* Day4Tests.swift */,
			);
			path = Day4Tests;
			sourceTree = "<group>";
		};
		6154F664293CA06B00EE21BC /* Day4Executable */ = {
			isa = PBXGroup;
			children = (
				6154F665293CA06B00EE21BC /* main.swift */,
				6154F66A293CA08A00EE21BC /* day4input.txt */,
			);
			path = Day4Executable;
			sourceTree = "<group>";
		};
		6154F674293E5E4E00EE21BC /* Day5 */ = {
			isa = PBXGroup;
			children = (
				6154F675293E5E4E00EE21BC /* Day5.h */,
				6154F688293E5E5E00EE21BC /* Day5.swift */,
			);
			path = Day5;
			sourceTree = "<group>";
		};
		6154F67E293E5E4E00EE21BC /* Day5Tests */ = {
			isa = PBXGroup;
			children = (
				6154F67F293E5E4E00EE21BC /* Day5Tests.swift */,
			);
			path = Day5Tests;
			sourceTree = "<group>";
		};
		6154F68F293E819E00EE21BC /* Day5Executable */ = {
			isa = PBXGroup;
			children = (
				6154F690293E819E00EE21BC /* main.swift */,
				6154F695293E81BE00EE21BC /* day5input.txt */,
			);
			path = Day5Executable;
			sourceTree = "<group>";
		};
		6154F69F293F5DFB00EE21BC /* Day6 */ = {
			isa = PBXGroup;
			children = (
				6154F6A0293F5DFB00EE21BC /* Day6.h */,
				6154F6B3293F6DFF00EE21BC /* Day6.swift */,
			);
			path = Day6;
			sourceTree = "<group>";
		};
		6154F6A9293F5DFC00EE21BC /* Day6Tests */ = {
			isa = PBXGroup;
			children = (
				6154F6AA293F5DFC00EE21BC /* Day6Tests.swift */,
			);
			path = Day6Tests;
			sourceTree = "<group>";
		};
		6154F6BA293F707300EE21BC /* Day6Executable */ = {
			isa = PBXGroup;
			children = (
				6154F6BB293F707300EE21BC /* main.swift */,
				6154F6C0293F708900EE21BC /* day6input.txt */,
			);
			path = Day6Executable;
			sourceTree = "<group>";
		};
/* End PBXGroup section */

/* Begin PBXHeadersBuildPhase section */
		6154F5BE2939388800EE21BC /* Headers */ = {
			isa = PBXHeadersBuildPhase;
			buildActionMask = 2147483647;
			files = (
				6154F5D12939388900EE21BC /* day1.h in Headers */,
			);
			runOnlyForDeploymentPostprocessing = 0;
		};
		6154F5EC2939F22F00EE21BC /* Headers */ = {
			isa = PBXHeadersBuildPhase;
			buildActionMask = 2147483647;
			files = (
				6154F5FF2939F22F00EE21BC /* day2.h in Headers */,
			);
			runOnlyForDeploymentPostprocessing = 0;
		};
		6154F618293B4B0900EE21BC /* Headers */ = {
			isa = PBXHeadersBuildPhase;
			buildActionMask = 2147483647;
			files = (
				6154F62B293B4B0900EE21BC /* day3.h in Headers */,
			);
			runOnlyForDeploymentPostprocessing = 0;
		};
		6154F643293C9B0A00EE21BC /* Headers */ = {
			isa = PBXHeadersBuildPhase;
			buildActionMask = 2147483647;
			files = (
				6154F656293C9B0A00EE21BC /* Day4.h in Headers */,
			);
			runOnlyForDeploymentPostprocessing = 0;
		};
		6154F66E293E5E4E00EE21BC /* Headers */ = {
			isa = PBXHeadersBuildPhase;
			buildActionMask = 2147483647;
			files = (
				6154F681293E5E4E00EE21BC /* Day5.h in Headers */,
			);
			runOnlyForDeploymentPostprocessing = 0;
		};
		6154F699293F5DFB00EE21BC /* Headers */ = {
			isa = PBXHeadersBuildPhase;
			buildActionMask = 2147483647;
			files = (
				6154F6AC293F5DFC00EE21BC /* Day6.h in Headers */,
			);
			runOnlyForDeploymentPostprocessing = 0;
		};
/* End PBXHeadersBuildPhase section */

/* Begin PBXNativeTarget section */
		6154F5C22939388800EE21BC /* day1 */ = {
			isa = PBXNativeTarget;
			buildConfigurationList = 6154F5D22939388900EE21BC /* Build configuration list for PBXNativeTarget "day1" */;
			buildPhases = (
				6154F5BE2939388800EE21BC /* Headers */,
				6154F5BF2939388800EE21BC /* Sources */,
				6154F5C02939388800EE21BC /* Frameworks */,
				6154F5C12939388800EE21BC /* Resources */,
			);
			buildRules = (
			);
			dependencies = (
			);
			name = day1;
			productName = day1;
			productReference = 6154F5C32939388800EE21BC /* day1.framework */;
			productType = "com.apple.product-type.framework";
		};
		6154F5C92939388800EE21BC /* day1Tests */ = {
			isa = PBXNativeTarget;
			buildConfigurationList = 6154F5D52939388900EE21BC /* Build configuration list for PBXNativeTarget "day1Tests" */;
			buildPhases = (
				6154F5C62939388800EE21BC /* Sources */,
				6154F5C72939388800EE21BC /* Frameworks */,
				6154F5C82939388800EE21BC /* Resources */,
			);
			buildRules = (
			);
			dependencies = (
				6154F5CD2939388900EE21BC /* PBXTargetDependency */,
			);
			name = day1Tests;
			productName = day1Tests;
			productReference = 6154F5CA2939388800EE21BC /* day1Tests.xctest */;
			productType = "com.apple.product-type.bundle.unit-test";
		};
		6154F5E029393A6A00EE21BC /* day1executable */ = {
			isa = PBXNativeTarget;
			buildConfigurationList = 6154F5E529393A6A00EE21BC /* Build configuration list for PBXNativeTarget "day1executable" */;
			buildPhases = (
				6154F5DD29393A6A00EE21BC /* Sources */,
				6154F5DE29393A6A00EE21BC /* Frameworks */,
				6154F5DF29393A6A00EE21BC /* CopyFiles */,
			);
			buildRules = (
			);
			dependencies = (
				6154F5E929393A7000EE21BC /* PBXTargetDependency */,
			);
			name = day1executable;
			productName = day1executable;
			productReference = 6154F5E129393A6A00EE21BC /* day1executable */;
			productType = "com.apple.product-type.tool";
		};
		6154F5F02939F22F00EE21BC /* day2 */ = {
			isa = PBXNativeTarget;
			buildConfigurationList = 6154F6002939F22F00EE21BC /* Build configuration list for PBXNativeTarget "day2" */;
			buildPhases = (
				6154F5EC2939F22F00EE21BC /* Headers */,
				6154F5ED2939F22F00EE21BC /* Sources */,
				6154F5EE2939F22F00EE21BC /* Frameworks */,
				6154F5EF2939F22F00EE21BC /* Resources */,
			);
			buildRules = (
			);
			dependencies = (
			);
			name = day2;
			productName = day2;
			productReference = 6154F5F12939F22F00EE21BC /* day2.framework */;
			productType = "com.apple.product-type.framework";
		};
		6154F5F72939F22F00EE21BC /* day2Tests */ = {
			isa = PBXNativeTarget;
			buildConfigurationList = 6154F6032939F22F00EE21BC /* Build configuration list for PBXNativeTarget "day2Tests" */;
			buildPhases = (
				6154F5F42939F22F00EE21BC /* Sources */,
				6154F5F52939F22F00EE21BC /* Frameworks */,
				6154F5F62939F22F00EE21BC /* Resources */,
			);
			buildRules = (
			);
			dependencies = (
				6154F5FB2939F22F00EE21BC /* PBXTargetDependency */,
			);
			name = day2Tests;
			productName = day2Tests;
			productReference = 6154F5F82939F22F00EE21BC /* day2Tests.xctest */;
			productType = "com.apple.product-type.bundle.unit-test";
		};
		6154F60B2939FC3C00EE21BC /* day2Executable */ = {
			isa = PBXNativeTarget;
			buildConfigurationList = 6154F6102939FC3C00EE21BC /* Build configuration list for PBXNativeTarget "day2Executable" */;
			buildPhases = (
				6154F6082939FC3C00EE21BC /* Sources */,
				6154F6092939FC3C00EE21BC /* Frameworks */,
				6154F60A2939FC3C00EE21BC /* CopyFiles */,
			);
			buildRules = (
			);
			dependencies = (
				6154F6162939FC9500EE21BC /* PBXTargetDependency */,
			);
			name = day2Executable;
			productName = day2Executable;
			productReference = 6154F60C2939FC3C00EE21BC /* day2Executable */;
			productType = "com.apple.product-type.tool";
		};
		6154F61C293B4B0900EE21BC /* day3 */ = {
			isa = PBXNativeTarget;
			buildConfigurationList = 6154F62C293B4B0900EE21BC /* Build configuration list for PBXNativeTarget "day3" */;
			buildPhases = (
				6154F618293B4B0900EE21BC /* Headers */,
				6154F619293B4B0900EE21BC /* Sources */,
				6154F61A293B4B0900EE21BC /* Frameworks */,
				6154F61B293B4B0900EE21BC /* Resources */,
			);
			buildRules = (
			);
			dependencies = (
			);
			name = day3;
			productName = day3;
			productReference = 6154F61D293B4B0900EE21BC /* day3.framework */;
			productType = "com.apple.product-type.framework";
		};
		6154F623293B4B0900EE21BC /* day3Tests */ = {
			isa = PBXNativeTarget;
			buildConfigurationList = 6154F62F293B4B0900EE21BC /* Build configuration list for PBXNativeTarget "day3Tests" */;
			buildPhases = (
				6154F620293B4B0900EE21BC /* Sources */,
				6154F621293B4B0900EE21BC /* Frameworks */,
				6154F622293B4B0900EE21BC /* Resources */,
			);
			buildRules = (
			);
			dependencies = (
				6154F627293B4B0900EE21BC /* PBXTargetDependency */,
			);
			name = day3Tests;
			productName = day3Tests;
			productReference = 6154F624293B4B0900EE21BC /* day3Tests.xctest */;
			productType = "com.apple.product-type.bundle.unit-test";
		};
		6154F637293B55E000EE21BC /* day3Executable */ = {
			isa = PBXNativeTarget;
			buildConfigurationList = 6154F63C293B55E000EE21BC /* Build configuration list for PBXNativeTarget "day3Executable" */;
			buildPhases = (
				6154F634293B55E000EE21BC /* Sources */,
				6154F635293B55E000EE21BC /* Frameworks */,
				6154F636293B55E000EE21BC /* CopyFiles */,
			);
			buildRules = (
			);
			dependencies = (
				6154F642293B562F00EE21BC /* PBXTargetDependency */,
			);
			name = day3Executable;
			productName = day3Executable;
			productReference = 6154F638293B55E000EE21BC /* day3Executable */;
			productType = "com.apple.product-type.tool";
		};
		6154F647293C9B0A00EE21BC /* Day4 */ = {
			isa = PBXNativeTarget;
			buildConfigurationList = 6154F657293C9B0A00EE21BC /* Build configuration list for PBXNativeTarget "Day4" */;
			buildPhases = (
				6154F643293C9B0A00EE21BC /* Headers */,
				6154F644293C9B0A00EE21BC /* Sources */,
				6154F645293C9B0A00EE21BC /* Frameworks */,
				6154F646293C9B0A00EE21BC /* Resources */,
			);
			buildRules = (
			);
			dependencies = (
			);
			name = Day4;
			productName = Day4;
			productReference = 6154F648293C9B0A00EE21BC /* Day4.framework */;
			productType = "com.apple.product-type.framework";
		};
		6154F64E293C9B0A00EE21BC /* Day4Tests */ = {
			isa = PBXNativeTarget;
			buildConfigurationList = 6154F65A293C9B0A00EE21BC /* Build configuration list for PBXNativeTarget "Day4Tests" */;
			buildPhases = (
				6154F64B293C9B0A00EE21BC /* Sources */,
				6154F64C293C9B0A00EE21BC /* Frameworks */,
				6154F64D293C9B0A00EE21BC /* Resources */,
			);
			buildRules = (
			);
			dependencies = (
				6154F652293C9B0A00EE21BC /* PBXTargetDependency */,
			);
			name = Day4Tests;
			productName = Day4Tests;
			productReference = 6154F64F293C9B0A00EE21BC /* Day4Tests.xctest */;
			productType = "com.apple.product-type.bundle.unit-test";
		};
		6154F662293CA06B00EE21BC /* Day4Executable */ = {
			isa = PBXNativeTarget;
			buildConfigurationList = 6154F667293CA06B00EE21BC /* Build configuration list for PBXNativeTarget "Day4Executable" */;
			buildPhases = (
				6154F65F293CA06B00EE21BC /* Sources */,
				6154F660293CA06B00EE21BC /* Frameworks */,
				6154F661293CA06B00EE21BC /* CopyFiles */,
			);
			buildRules = (
			);
			dependencies = (
				6154F66D293CA0A500EE21BC /* PBXTargetDependency */,
			);
			name = Day4Executable;
			productName = Day4Executable;
			productReference = 6154F663293CA06B00EE21BC /* Day4Executable */;
			productType = "com.apple.product-type.tool";
		};
		6154F672293E5E4E00EE21BC /* Day5 */ = {
			isa = PBXNativeTarget;
			buildConfigurationList = 6154F682293E5E4E00EE21BC /* Build configuration list for PBXNativeTarget "Day5" */;
			buildPhases = (
				6154F66E293E5E4E00EE21BC /* Headers */,
				6154F66F293E5E4E00EE21BC /* Sources */,
				6154F670293E5E4E00EE21BC /* Frameworks */,
				6154F671293E5E4E00EE21BC /* Resources */,
			);
			buildRules = (
			);
			dependencies = (
			);
			name = Day5;
			productName = Day5;
			productReference = 6154F673293E5E4E00EE21BC /* Day5.framework */;
			productType = "com.apple.product-type.framework";
		};
		6154F679293E5E4E00EE21BC /* Day5Tests */ = {
			isa = PBXNativeTarget;
			buildConfigurationList = 6154F685293E5E4E00EE21BC /* Build configuration list for PBXNativeTarget "Day5Tests" */;
			buildPhases = (
				6154F676293E5E4E00EE21BC /* Sources */,
				6154F677293E5E4E00EE21BC /* Frameworks */,
				6154F678293E5E4E00EE21BC /* Resources */,
			);
			buildRules = (
			);
			dependencies = (
				6154F67D293E5E4E00EE21BC /* PBXTargetDependency */,
			);
			name = Day5Tests;
			productName = Day5Tests;
			productReference = 6154F67A293E5E4E00EE21BC /* Day5Tests.xctest */;
			productType = "com.apple.product-type.bundle.unit-test";
		};
		6154F68D293E819E00EE21BC /* Day5Executable */ = {
			isa = PBXNativeTarget;
			buildConfigurationList = 6154F692293E819F00EE21BC /* Build configuration list for PBXNativeTarget "Day5Executable" */;
			buildPhases = (
				6154F68A293E819E00EE21BC /* Sources */,
				6154F68B293E819E00EE21BC /* Frameworks */,
				6154F68C293E819E00EE21BC /* CopyFiles */,
			);
			buildRules = (
			);
			dependencies = (
				6154F698293E81D300EE21BC /* PBXTargetDependency */,
			);
			name = Day5Executable;
			productName = Day5Executable;
			productReference = 6154F68E293E819E00EE21BC /* Day5Executable */;
			productType = "com.apple.product-type.tool";
		};
		6154F69D293F5DFB00EE21BC /* Day6 */ = {
			isa = PBXNativeTarget;
			buildConfigurationList = 6154F6AD293F5DFC00EE21BC /* Build configuration list for PBXNativeTarget "Day6" */;
			buildPhases = (
				6154F699293F5DFB00EE21BC /* Headers */,
				6154F69A293F5DFB00EE21BC /* Sources */,
				6154F69B293F5DFB00EE21BC /* Frameworks */,
				6154F69C293F5DFB00EE21BC /* Resources */,
			);
			buildRules = (
			);
			dependencies = (
			);
			name = Day6;
			productName = Day6;
			productReference = 6154F69E293F5DFB00EE21BC /* Day6.framework */;
			productType = "com.apple.product-type.framework";
		};
		6154F6A4293F5DFC00EE21BC /* Day6Tests */ = {
			isa = PBXNativeTarget;
			buildConfigurationList = 6154F6B0293F5DFC00EE21BC /* Build configuration list for PBXNativeTarget "Day6Tests" */;
			buildPhases = (
				6154F6A1293F5DFC00EE21BC /* Sources */,
				6154F6A2293F5DFC00EE21BC /* Frameworks */,
				6154F6A3293F5DFC00EE21BC /* Resources */,
			);
			buildRules = (
			);
			dependencies = (
				6154F6A8293F5DFC00EE21BC /* PBXTargetDependency */,
			);
			name = Day6Tests;
			productName = Day6Tests;
			productReference = 6154F6A5293F5DFC00EE21BC /* Day6Tests.xctest */;
			productType = "com.apple.product-type.bundle.unit-test";
		};
		6154F6B8293F707300EE21BC /* Day6Executable */ = {
			isa = PBXNativeTarget;
			buildConfigurationList = 6154F6BD293F707300EE21BC /* Build configuration list for PBXNativeTarget "Day6Executable" */;
			buildPhases = (
				6154F6B5293F707300EE21BC /* Sources */,
				6154F6B6293F707300EE21BC /* Frameworks */,
				6154F6B7293F707300EE21BC /* CopyFiles */,
			);
			buildRules = (
			);
			dependencies = (
				6154F6C3293F70A500EE21BC /* PBXTargetDependency */,
			);
			name = Day6Executable;
			productName = Day6Executable;
			productReference = 6154F6B9293F707300EE21BC /* Day6Executable */;
			productType = "com.apple.product-type.tool";
		};
/* End PBXNativeTarget section */

/* Begin PBXProject section */
		6154F56029391D8D00EE21BC /* Project object */ = {
			isa = PBXProject;
			attributes = {
				BuildIndependentTargetsInParallel = 1;
				LastSwiftUpdateCheck = 1340;
				LastUpgradeCheck = 1340;
				TargetAttributes = {
					6154F5C22939388800EE21BC = {
						CreatedOnToolsVersion = 13.4.1;
						LastSwiftMigration = 1340;
					};
					6154F5C92939388800EE21BC = {
						CreatedOnToolsVersion = 13.4.1;
					};
					6154F5E029393A6A00EE21BC = {
						CreatedOnToolsVersion = 13.4.1;
					};
					6154F5F02939F22F00EE21BC = {
						CreatedOnToolsVersion = 13.4.1;
						LastSwiftMigration = 1340;
					};
					6154F5F72939F22F00EE21BC = {
						CreatedOnToolsVersion = 13.4.1;
					};
					6154F60B2939FC3C00EE21BC = {
						CreatedOnToolsVersion = 13.4.1;
					};
					6154F61C293B4B0900EE21BC = {
						CreatedOnToolsVersion = 13.4.1;
						LastSwiftMigration = 1340;
					};
					6154F623293B4B0900EE21BC = {
						CreatedOnToolsVersion = 13.4.1;
					};
					6154F637293B55E000EE21BC = {
						CreatedOnToolsVersion = 13.4.1;
					};
					6154F647293C9B0A00EE21BC = {
						CreatedOnToolsVersion = 13.4.1;
						LastSwiftMigration = 1340;
					};
					6154F64E293C9B0A00EE21BC = {
						CreatedOnToolsVersion = 13.4.1;
					};
					6154F662293CA06B00EE21BC = {
						CreatedOnToolsVersion = 13.4.1;
					};
					6154F672293E5E4E00EE21BC = {
						CreatedOnToolsVersion = 13.4.1;
						LastSwiftMigration = 1340;
					};
					6154F679293E5E4E00EE21BC = {
						CreatedOnToolsVersion = 13.4.1;
					};
					6154F68D293E819E00EE21BC = {
						CreatedOnToolsVersion = 13.4.1;
					};
					6154F69D293F5DFB00EE21BC = {
						CreatedOnToolsVersion = 13.4.1;
						LastSwiftMigration = 1340;
					};
					6154F6A4293F5DFC00EE21BC = {
						CreatedOnToolsVersion = 13.4.1;
					};
					6154F6B8293F707300EE21BC = {
						CreatedOnToolsVersion = 13.4.1;
					};
				};
			};
			buildConfigurationList = 6154F56329391D8D00EE21BC /* Build configuration list for PBXProject "aoc2022" */;
			compatibilityVersion = "Xcode 13.0";
			developmentRegion = en;
			hasScannedForEncodings = 0;
			knownRegions = (
				en,
				Base,
			);
			mainGroup = 6154F55F29391D8D00EE21BC;
			productRefGroup = 6154F56929391D8D00EE21BC /* Products */;
			projectDirPath = "";
			projectRoot = "";
			targets = (
				6154F5C22939388800EE21BC /* day1 */,
				6154F5C92939388800EE21BC /* day1Tests */,
				6154F5E029393A6A00EE21BC /* day1executable */,
				6154F5F02939F22F00EE21BC /* day2 */,
				6154F5F72939F22F00EE21BC /* day2Tests */,
				6154F60B2939FC3C00EE21BC /* day2Executable */,
				6154F61C293B4B0900EE21BC /* day3 */,
				6154F623293B4B0900EE21BC /* day3Tests */,
				6154F637293B55E000EE21BC /* day3Executable */,
				6154F647293C9B0A00EE21BC /* Day4 */,
				6154F64E293C9B0A00EE21BC /* Day4Tests */,
				6154F662293CA06B00EE21BC /* Day4Executable */,
				6154F672293E5E4E00EE21BC /* Day5 */,
				6154F679293E5E4E00EE21BC /* Day5Tests */,
				6154F68D293E819E00EE21BC /* Day5Executable */,
				6154F69D293F5DFB00EE21BC /* Day6 */,
				6154F6A4293F5DFC00EE21BC /* Day6Tests */,
				6154F6B8293F707300EE21BC /* Day6Executable */,
			);
		};
/* End PBXProject section */

/* Begin PBXResourcesBuildPhase section */
		6154F5C12939388800EE21BC /* Resources */ = {
			isa = PBXResourcesBuildPhase;
			buildActionMask = 2147483647;
			files = (
			);
			runOnlyForDeploymentPostprocessing = 0;
		};
		6154F5C82939388800EE21BC /* Resources */ = {
			isa = PBXResourcesBuildPhase;
			buildActionMask = 2147483647;
			files = (
			);
			runOnlyForDeploymentPostprocessing = 0;
		};
		6154F5EF2939F22F00EE21BC /* Resources */ = {
			isa = PBXResourcesBuildPhase;
			buildActionMask = 2147483647;
			files = (
			);
			runOnlyForDeploymentPostprocessing = 0;
		};
		6154F5F62939F22F00EE21BC /* Resources */ = {
			isa = PBXResourcesBuildPhase;
			buildActionMask = 2147483647;
			files = (
			);
			runOnlyForDeploymentPostprocessing = 0;
		};
		6154F61B293B4B0900EE21BC /* Resources */ = {
			isa = PBXResourcesBuildPhase;
			buildActionMask = 2147483647;
			files = (
			);
			runOnlyForDeploymentPostprocessing = 0;
		};
		6154F622293B4B0900EE21BC /* Resources */ = {
			isa = PBXResourcesBuildPhase;
			buildActionMask = 2147483647;
			files = (
			);
			runOnlyForDeploymentPostprocessing = 0;
		};
		6154F646293C9B0A00EE21BC /* Resources */ = {
			isa = PBXResourcesBuildPhase;
			buildActionMask = 2147483647;
			files = (
			);
			runOnlyForDeploymentPostprocessing = 0;
		};
		6154F64D293C9B0A00EE21BC /* Resources */ = {
			isa = PBXResourcesBuildPhase;
			buildActionMask = 2147483647;
			files = (
			);
			runOnlyForDeploymentPostprocessing = 0;
		};
		6154F671293E5E4E00EE21BC /* Resources */ = {
			isa = PBXResourcesBuildPhase;
			buildActionMask = 2147483647;
			files = (
			);
			runOnlyForDeploymentPostprocessing = 0;
		};
		6154F678293E5E4E00EE21BC /* Resources */ = {
			isa = PBXResourcesBuildPhase;
			buildActionMask = 2147483647;
			files = (
			);
			runOnlyForDeploymentPostprocessing = 0;
		};
		6154F69C293F5DFB00EE21BC /* Resources */ = {
			isa = PBXResourcesBuildPhase;
			buildActionMask = 2147483647;
			files = (
			);
			runOnlyForDeploymentPostprocessing = 0;
		};
		6154F6A3293F5DFC00EE21BC /* Resources */ = {
			isa = PBXResourcesBuildPhase;
			buildActionMask = 2147483647;
			files = (
			);
			runOnlyForDeploymentPostprocessing = 0;
		};
/* End PBXResourcesBuildPhase section */

/* Begin PBXSourcesBuildPhase section */
		6154F5BF2939388800EE21BC /* Sources */ = {
			isa = PBXSourcesBuildPhase;
			buildActionMask = 2147483647;
			files = (
				6154F5D9293938E400EE21BC /* day1.swift in Sources */,
			);
			runOnlyForDeploymentPostprocessing = 0;
		};
		6154F5C62939388800EE21BC /* Sources */ = {
			isa = PBXSourcesBuildPhase;
			buildActionMask = 2147483647;
			files = (
				6154F5D02939388900EE21BC /* day1Tests.swift in Sources */,
			);
			runOnlyForDeploymentPostprocessing = 0;
		};
		6154F5DD29393A6A00EE21BC /* Sources */ = {
			isa = PBXSourcesBuildPhase;
			buildActionMask = 2147483647;
			files = (
				6154F5E429393A6A00EE21BC /* main.swift in Sources */,
			);
			runOnlyForDeploymentPostprocessing = 0;
		};
		6154F5ED2939F22F00EE21BC /* Sources */ = {
			isa = PBXSourcesBuildPhase;
			buildActionMask = 2147483647;
			files = (
				6154F6072939F23D00EE21BC /* day2.swift in Sources */,
			);
			runOnlyForDeploymentPostprocessing = 0;
		};
		6154F5F42939F22F00EE21BC /* Sources */ = {
			isa = PBXSourcesBuildPhase;
			buildActionMask = 2147483647;
			files = (
				6154F5FE2939F22F00EE21BC /* day2Tests.swift in Sources */,
			);
			runOnlyForDeploymentPostprocessing = 0;
		};
		6154F6082939FC3C00EE21BC /* Sources */ = {
			isa = PBXSourcesBuildPhase;
			buildActionMask = 2147483647;
			files = (
				6154F617293A067B00EE21BC /* main.swift in Sources */,
			);
			runOnlyForDeploymentPostprocessing = 0;
		};
		6154F619293B4B0900EE21BC /* Sources */ = {
			isa = PBXSourcesBuildPhase;
			buildActionMask = 2147483647;
			files = (
				6154F633293B4B2F00EE21BC /* day3.swift in Sources */,
			);
			runOnlyForDeploymentPostprocessing = 0;
		};
		6154F620293B4B0900EE21BC /* Sources */ = {
			isa = PBXSourcesBuildPhase;
			buildActionMask = 2147483647;
			files = (
				6154F62A293B4B0900EE21BC /* day3Tests.swift in Sources */,
			);
			runOnlyForDeploymentPostprocessing = 0;
		};
		6154F634293B55E000EE21BC /* Sources */ = {
			isa = PBXSourcesBuildPhase;
			buildActionMask = 2147483647;
			files = (
				6154F63B293B55E000EE21BC /* main.swift in Sources */,
			);
			runOnlyForDeploymentPostprocessing = 0;
		};
		6154F644293C9B0A00EE21BC /* Sources */ = {
			isa = PBXSourcesBuildPhase;
			buildActionMask = 2147483647;
			files = (
				6154F65E293C9B2000EE21BC /* Day4.swift in Sources */,
			);
			runOnlyForDeploymentPostprocessing = 0;
		};
		6154F64B293C9B0A00EE21BC /* Sources */ = {
			isa = PBXSourcesBuildPhase;
			buildActionMask = 2147483647;
			files = (
				6154F655293C9B0A00EE21BC /* Day4Tests.swift in Sources */,
			);
			runOnlyForDeploymentPostprocessing = 0;
		};
		6154F65F293CA06B00EE21BC /* Sources */ = {
			isa = PBXSourcesBuildPhase;
			buildActionMask = 2147483647;
			files = (
				6154F666293CA06B00EE21BC /* main.swift in Sources */,
			);
			runOnlyForDeploymentPostprocessing = 0;
		};
		6154F66F293E5E4E00EE21BC /* Sources */ = {
			isa = PBXSourcesBuildPhase;
			buildActionMask = 2147483647;
			files = (
				6154F689293E5E5E00EE21BC /* Day5.swift in Sources */,
			);
			runOnlyForDeploymentPostprocessing = 0;
		};
		6154F676293E5E4E00EE21BC /* Sources */ = {
			isa = PBXSourcesBuildPhase;
			buildActionMask = 2147483647;
			files = (
				6154F680293E5E4E00EE21BC /* Day5Tests.swift in Sources */,
			);
			runOnlyForDeploymentPostprocessing = 0;
		};
		6154F68A293E819E00EE21BC /* Sources */ = {
			isa = PBXSourcesBuildPhase;
			buildActionMask = 2147483647;
			files = (
				6154F691293E819E00EE21BC /* main.swift in Sources */,
			);
			runOnlyForDeploymentPostprocessing = 0;
		};
		6154F69A293F5DFB00EE21BC /* Sources */ = {
			isa = PBXSourcesBuildPhase;
			buildActionMask = 2147483647;
			files = (
				6154F6B4293F6DFF00EE21BC /* Day6.swift in Sources */,
			);
			runOnlyForDeploymentPostprocessing = 0;
		};
		6154F6A1293F5DFC00EE21BC /* Sources */ = {
			isa = PBXSourcesBuildPhase;
			buildActionMask = 2147483647;
			files = (
				6154F6AB293F5DFC00EE21BC /* Day6Tests.swift in Sources */,
			);
			runOnlyForDeploymentPostprocessing = 0;
		};
		6154F6B5293F707300EE21BC /* Sources */ = {
			isa = PBXSourcesBuildPhase;
			buildActionMask = 2147483647;
			files = (
				6154F6BC293F707300EE21BC /* main.swift in Sources */,
			);
			runOnlyForDeploymentPostprocessing = 0;
		};
/* End PBXSourcesBuildPhase section */

/* Begin PBXTargetDependency section */
		6154F5CD2939388900EE21BC /* PBXTargetDependency */ = {
			isa = PBXTargetDependency;
			target = 6154F5C22939388800EE21BC /* day1 */;
			targetProxy = 6154F5CC2939388900EE21BC /* PBXContainerItemProxy */;
		};
		6154F5E929393A7000EE21BC /* PBXTargetDependency */ = {
			isa = PBXTargetDependency;
			target = 6154F5C22939388800EE21BC /* day1 */;
			targetProxy = 6154F5E829393A7000EE21BC /* PBXContainerItemProxy */;
		};
		6154F5FB2939F22F00EE21BC /* PBXTargetDependency */ = {
			isa = PBXTargetDependency;
			target = 6154F5F02939F22F00EE21BC /* day2 */;
			targetProxy = 6154F5FA2939F22F00EE21BC /* PBXContainerItemProxy */;
		};
		6154F6162939FC9500EE21BC /* PBXTargetDependency */ = {
			isa = PBXTargetDependency;
			target = 6154F5F02939F22F00EE21BC /* day2 */;
			targetProxy = 6154F6152939FC9500EE21BC /* PBXContainerItemProxy */;
		};
		6154F627293B4B0900EE21BC /* PBXTargetDependency */ = {
			isa = PBXTargetDependency;
			target = 6154F61C293B4B0900EE21BC /* day3 */;
			targetProxy = 6154F626293B4B0900EE21BC /* PBXContainerItemProxy */;
		};
		6154F642293B562F00EE21BC /* PBXTargetDependency */ = {
			isa = PBXTargetDependency;
			target = 6154F61C293B4B0900EE21BC /* day3 */;
			targetProxy = 6154F641293B562F00EE21BC /* PBXContainerItemProxy */;
		};
		6154F652293C9B0A00EE21BC /* PBXTargetDependency */ = {
			isa = PBXTargetDependency;
			target = 6154F647293C9B0A00EE21BC /* Day4 */;
			targetProxy = 6154F651293C9B0A00EE21BC /* PBXContainerItemProxy */;
		};
		6154F66D293CA0A500EE21BC /* PBXTargetDependency */ = {
			isa = PBXTargetDependency;
			target = 6154F647293C9B0A00EE21BC /* Day4 */;
			targetProxy = 6154F66C293CA0A500EE21BC /* PBXContainerItemProxy */;
		};
		6154F67D293E5E4E00EE21BC /* PBXTargetDependency */ = {
			isa = PBXTargetDependency;
			target = 6154F672293E5E4E00EE21BC /* Day5 */;
			targetProxy = 6154F67C293E5E4E00EE21BC /* PBXContainerItemProxy */;
		};
		6154F698293E81D300EE21BC /* PBXTargetDependency */ = {
			isa = PBXTargetDependency;
			target = 6154F672293E5E4E00EE21BC /* Day5 */;
			targetProxy = 6154F697293E81D300EE21BC /* PBXContainerItemProxy */;
		};
		6154F6A8293F5DFC00EE21BC /* PBXTargetDependency */ = {
			isa = PBXTargetDependency;
			target = 6154F69D293F5DFB00EE21BC /* Day6 */;
			targetProxy = 6154F6A7293F5DFC00EE21BC /* PBXContainerItemProxy */;
		};
		6154F6C3293F70A500EE21BC /* PBXTargetDependency */ = {
			isa = PBXTargetDependency;
			target = 6154F69D293F5DFB00EE21BC /* Day6 */;
			targetProxy = 6154F6C2293F70A500EE21BC /* PBXContainerItemProxy */;
		};
/* End PBXTargetDependency section */

/* Begin XCBuildConfiguration section */
		6154F56D29391D8D00EE21BC /* Debug */ = {
			isa = XCBuildConfiguration;
			buildSettings = {
				ALWAYS_SEARCH_USER_PATHS = NO;
				CLANG_ANALYZER_NONNULL = YES;
				CLANG_ANALYZER_NUMBER_OBJECT_CONVERSION = YES_AGGRESSIVE;
				CLANG_CXX_LANGUAGE_STANDARD = "gnu++17";
				CLANG_ENABLE_MODULES = YES;
				CLANG_ENABLE_OBJC_ARC = YES;
				CLANG_ENABLE_OBJC_WEAK = YES;
				CLANG_WARN_BLOCK_CAPTURE_AUTORELEASING = YES;
				CLANG_WARN_BOOL_CONVERSION = YES;
				CLANG_WARN_COMMA = YES;
				CLANG_WARN_CONSTANT_CONVERSION = YES;
				CLANG_WARN_DEPRECATED_OBJC_IMPLEMENTATIONS = YES;
				CLANG_WARN_DIRECT_OBJC_ISA_USAGE = YES_ERROR;
				CLANG_WARN_DOCUMENTATION_COMMENTS = YES;
				CLANG_WARN_EMPTY_BODY = YES;
				CLANG_WARN_ENUM_CONVERSION = YES;
				CLANG_WARN_INFINITE_RECURSION = YES;
				CLANG_WARN_INT_CONVERSION = YES;
				CLANG_WARN_NON_LITERAL_NULL_CONVERSION = YES;
				CLANG_WARN_OBJC_IMPLICIT_RETAIN_SELF = YES;
				CLANG_WARN_OBJC_LITERAL_CONVERSION = YES;
				CLANG_WARN_OBJC_ROOT_CLASS = YES_ERROR;
				CLANG_WARN_QUOTED_INCLUDE_IN_FRAMEWORK_HEADER = YES;
				CLANG_WARN_RANGE_LOOP_ANALYSIS = YES;
				CLANG_WARN_STRICT_PROTOTYPES = YES;
				CLANG_WARN_SUSPICIOUS_MOVE = YES;
				CLANG_WARN_UNGUARDED_AVAILABILITY = YES_AGGRESSIVE;
				CLANG_WARN_UNREACHABLE_CODE = YES;
				CLANG_WARN__DUPLICATE_METHOD_MATCH = YES;
				COPY_PHASE_STRIP = NO;
				DEBUG_INFORMATION_FORMAT = dwarf;
				ENABLE_STRICT_OBJC_MSGSEND = YES;
				ENABLE_TESTABILITY = YES;
				GCC_C_LANGUAGE_STANDARD = gnu11;
				GCC_DYNAMIC_NO_PIC = NO;
				GCC_NO_COMMON_BLOCKS = YES;
				GCC_OPTIMIZATION_LEVEL = 0;
				GCC_PREPROCESSOR_DEFINITIONS = (
					"DEBUG=1",
					"$(inherited)",
				);
				GCC_WARN_64_TO_32_BIT_CONVERSION = YES;
				GCC_WARN_ABOUT_RETURN_TYPE = YES_ERROR;
				GCC_WARN_UNDECLARED_SELECTOR = YES;
				GCC_WARN_UNINITIALIZED_AUTOS = YES_AGGRESSIVE;
				GCC_WARN_UNUSED_FUNCTION = YES;
				GCC_WARN_UNUSED_VARIABLE = YES;
				MACOSX_DEPLOYMENT_TARGET = 12.3;
				MTL_ENABLE_DEBUG_INFO = INCLUDE_SOURCE;
				MTL_FAST_MATH = YES;
				ONLY_ACTIVE_ARCH = YES;
				SDKROOT = macosx;
				SWIFT_ACTIVE_COMPILATION_CONDITIONS = DEBUG;
				SWIFT_OPTIMIZATION_LEVEL = "-Onone";
			};
			name = Debug;
		};
		6154F56E29391D8D00EE21BC /* Release */ = {
			isa = XCBuildConfiguration;
			buildSettings = {
				ALWAYS_SEARCH_USER_PATHS = NO;
				CLANG_ANALYZER_NONNULL = YES;
				CLANG_ANALYZER_NUMBER_OBJECT_CONVERSION = YES_AGGRESSIVE;
				CLANG_CXX_LANGUAGE_STANDARD = "gnu++17";
				CLANG_ENABLE_MODULES = YES;
				CLANG_ENABLE_OBJC_ARC = YES;
				CLANG_ENABLE_OBJC_WEAK = YES;
				CLANG_WARN_BLOCK_CAPTURE_AUTORELEASING = YES;
				CLANG_WARN_BOOL_CONVERSION = YES;
				CLANG_WARN_COMMA = YES;
				CLANG_WARN_CONSTANT_CONVERSION = YES;
				CLANG_WARN_DEPRECATED_OBJC_IMPLEMENTATIONS = YES;
				CLANG_WARN_DIRECT_OBJC_ISA_USAGE = YES_ERROR;
				CLANG_WARN_DOCUMENTATION_COMMENTS = YES;
				CLANG_WARN_EMPTY_BODY = YES;
				CLANG_WARN_ENUM_CONVERSION = YES;
				CLANG_WARN_INFINITE_RECURSION = YES;
				CLANG_WARN_INT_CONVERSION = YES;
				CLANG_WARN_NON_LITERAL_NULL_CONVERSION = YES;
				CLANG_WARN_OBJC_IMPLICIT_RETAIN_SELF = YES;
				CLANG_WARN_OBJC_LITERAL_CONVERSION = YES;
				CLANG_WARN_OBJC_ROOT_CLASS = YES_ERROR;
				CLANG_WARN_QUOTED_INCLUDE_IN_FRAMEWORK_HEADER = YES;
				CLANG_WARN_RANGE_LOOP_ANALYSIS = YES;
				CLANG_WARN_STRICT_PROTOTYPES = YES;
				CLANG_WARN_SUSPICIOUS_MOVE = YES;
				CLANG_WARN_UNGUARDED_AVAILABILITY = YES_AGGRESSIVE;
				CLANG_WARN_UNREACHABLE_CODE = YES;
				CLANG_WARN__DUPLICATE_METHOD_MATCH = YES;
				COPY_PHASE_STRIP = NO;
				DEBUG_INFORMATION_FORMAT = "dwarf-with-dsym";
				ENABLE_NS_ASSERTIONS = NO;
				ENABLE_STRICT_OBJC_MSGSEND = YES;
				GCC_C_LANGUAGE_STANDARD = gnu11;
				GCC_NO_COMMON_BLOCKS = YES;
				GCC_WARN_64_TO_32_BIT_CONVERSION = YES;
				GCC_WARN_ABOUT_RETURN_TYPE = YES_ERROR;
				GCC_WARN_UNDECLARED_SELECTOR = YES;
				GCC_WARN_UNINITIALIZED_AUTOS = YES_AGGRESSIVE;
				GCC_WARN_UNUSED_FUNCTION = YES;
				GCC_WARN_UNUSED_VARIABLE = YES;
				MACOSX_DEPLOYMENT_TARGET = 12.3;
				MTL_ENABLE_DEBUG_INFO = NO;
				MTL_FAST_MATH = YES;
				SDKROOT = macosx;
				SWIFT_COMPILATION_MODE = wholemodule;
				SWIFT_OPTIMIZATION_LEVEL = "-O";
			};
			name = Release;
		};
		6154F5D32939388900EE21BC /* Debug */ = {
			isa = XCBuildConfiguration;
			buildSettings = {
				CLANG_ENABLE_MODULES = YES;
				CODE_SIGN_STYLE = Automatic;
				COMBINE_HIDPI_IMAGES = YES;
				CURRENT_PROJECT_VERSION = 1;
				DEFINES_MODULE = YES;
				DYLIB_COMPATIBILITY_VERSION = 1;
				DYLIB_CURRENT_VERSION = 1;
				DYLIB_INSTALL_NAME_BASE = "@rpath";
				GENERATE_INFOPLIST_FILE = YES;
				INFOPLIST_KEY_NSHumanReadableCopyright = "";
				INSTALL_PATH = "$(LOCAL_LIBRARY_DIR)/Frameworks";
				LD_RUNPATH_SEARCH_PATHS = (
					"$(inherited)",
					"@executable_path/../Frameworks",
					"@loader_path/Frameworks",
				);
				MARKETING_VERSION = 1.0;
				PRODUCT_BUNDLE_IDENTIFIER = com.cloudera.day1;
				PRODUCT_NAME = "$(TARGET_NAME:c99extidentifier)";
				SKIP_INSTALL = YES;
				SWIFT_EMIT_LOC_STRINGS = YES;
				SWIFT_OPTIMIZATION_LEVEL = "-Onone";
				SWIFT_VERSION = 5.0;
				VERSIONING_SYSTEM = "apple-generic";
				VERSION_INFO_PREFIX = "";
			};
			name = Debug;
		};
		6154F5D42939388900EE21BC /* Release */ = {
			isa = XCBuildConfiguration;
			buildSettings = {
				CLANG_ENABLE_MODULES = YES;
				CODE_SIGN_STYLE = Automatic;
				COMBINE_HIDPI_IMAGES = YES;
				CURRENT_PROJECT_VERSION = 1;
				DEFINES_MODULE = YES;
				DYLIB_COMPATIBILITY_VERSION = 1;
				DYLIB_CURRENT_VERSION = 1;
				DYLIB_INSTALL_NAME_BASE = "@rpath";
				GENERATE_INFOPLIST_FILE = YES;
				INFOPLIST_KEY_NSHumanReadableCopyright = "";
				INSTALL_PATH = "$(LOCAL_LIBRARY_DIR)/Frameworks";
				LD_RUNPATH_SEARCH_PATHS = (
					"$(inherited)",
					"@executable_path/../Frameworks",
					"@loader_path/Frameworks",
				);
				MARKETING_VERSION = 1.0;
				PRODUCT_BUNDLE_IDENTIFIER = com.cloudera.day1;
				PRODUCT_NAME = "$(TARGET_NAME:c99extidentifier)";
				SKIP_INSTALL = YES;
				SWIFT_EMIT_LOC_STRINGS = YES;
				SWIFT_VERSION = 5.0;
				VERSIONING_SYSTEM = "apple-generic";
				VERSION_INFO_PREFIX = "";
			};
			name = Release;
		};
		6154F5D62939388900EE21BC /* Debug */ = {
			isa = XCBuildConfiguration;
			buildSettings = {
				ALWAYS_EMBED_SWIFT_STANDARD_LIBRARIES = YES;
				CODE_SIGN_STYLE = Automatic;
				CURRENT_PROJECT_VERSION = 1;
				GENERATE_INFOPLIST_FILE = YES;
				MARKETING_VERSION = 1.0;
				PRODUCT_BUNDLE_IDENTIFIER = com.cloudera.day1Tests;
				PRODUCT_NAME = "$(TARGET_NAME)";
				SWIFT_EMIT_LOC_STRINGS = NO;
				SWIFT_VERSION = 5.0;
			};
			name = Debug;
		};
		6154F5D72939388900EE21BC /* Release */ = {
			isa = XCBuildConfiguration;
			buildSettings = {
				ALWAYS_EMBED_SWIFT_STANDARD_LIBRARIES = YES;
				CODE_SIGN_STYLE = Automatic;
				CURRENT_PROJECT_VERSION = 1;
				GENERATE_INFOPLIST_FILE = YES;
				MARKETING_VERSION = 1.0;
				PRODUCT_BUNDLE_IDENTIFIER = com.cloudera.day1Tests;
				PRODUCT_NAME = "$(TARGET_NAME)";
				SWIFT_EMIT_LOC_STRINGS = NO;
				SWIFT_VERSION = 5.0;
			};
			name = Release;
		};
		6154F5E629393A6A00EE21BC /* Debug */ = {
			isa = XCBuildConfiguration;
			buildSettings = {
				CODE_SIGN_STYLE = Automatic;
				PRODUCT_NAME = "$(TARGET_NAME)";
				SWIFT_VERSION = 5.0;
			};
			name = Debug;
		};
		6154F5E729393A6A00EE21BC /* Release */ = {
			isa = XCBuildConfiguration;
			buildSettings = {
				CODE_SIGN_STYLE = Automatic;
				PRODUCT_NAME = "$(TARGET_NAME)";
				SWIFT_VERSION = 5.0;
			};
			name = Release;
		};
		6154F6012939F22F00EE21BC /* Debug */ = {
			isa = XCBuildConfiguration;
			buildSettings = {
				CLANG_ENABLE_MODULES = YES;
				CODE_SIGN_STYLE = Automatic;
				COMBINE_HIDPI_IMAGES = YES;
				CURRENT_PROJECT_VERSION = 1;
				DEFINES_MODULE = YES;
				DYLIB_COMPATIBILITY_VERSION = 1;
				DYLIB_CURRENT_VERSION = 1;
				DYLIB_INSTALL_NAME_BASE = "@rpath";
				GENERATE_INFOPLIST_FILE = YES;
				INFOPLIST_KEY_NSHumanReadableCopyright = "";
				INSTALL_PATH = "$(LOCAL_LIBRARY_DIR)/Frameworks";
				LD_RUNPATH_SEARCH_PATHS = (
					"$(inherited)",
					"@executable_path/../Frameworks",
					"@loader_path/Frameworks",
				);
				MARKETING_VERSION = 1.0;
				PRODUCT_BUNDLE_IDENTIFIER = com.cloudera.day2;
				PRODUCT_NAME = "$(TARGET_NAME:c99extidentifier)";
				SKIP_INSTALL = YES;
				SWIFT_EMIT_LOC_STRINGS = YES;
				SWIFT_OPTIMIZATION_LEVEL = "-Onone";
				SWIFT_VERSION = 5.0;
				VERSIONING_SYSTEM = "apple-generic";
				VERSION_INFO_PREFIX = "";
			};
			name = Debug;
		};
		6154F6022939F22F00EE21BC /* Release */ = {
			isa = XCBuildConfiguration;
			buildSettings = {
				CLANG_ENABLE_MODULES = YES;
				CODE_SIGN_STYLE = Automatic;
				COMBINE_HIDPI_IMAGES = YES;
				CURRENT_PROJECT_VERSION = 1;
				DEFINES_MODULE = YES;
				DYLIB_COMPATIBILITY_VERSION = 1;
				DYLIB_CURRENT_VERSION = 1;
				DYLIB_INSTALL_NAME_BASE = "@rpath";
				GENERATE_INFOPLIST_FILE = YES;
				INFOPLIST_KEY_NSHumanReadableCopyright = "";
				INSTALL_PATH = "$(LOCAL_LIBRARY_DIR)/Frameworks";
				LD_RUNPATH_SEARCH_PATHS = (
					"$(inherited)",
					"@executable_path/../Frameworks",
					"@loader_path/Frameworks",
				);
				MARKETING_VERSION = 1.0;
				PRODUCT_BUNDLE_IDENTIFIER = com.cloudera.day2;
				PRODUCT_NAME = "$(TARGET_NAME:c99extidentifier)";
				SKIP_INSTALL = YES;
				SWIFT_EMIT_LOC_STRINGS = YES;
				SWIFT_VERSION = 5.0;
				VERSIONING_SYSTEM = "apple-generic";
				VERSION_INFO_PREFIX = "";
			};
			name = Release;
		};
		6154F6042939F22F00EE21BC /* Debug */ = {
			isa = XCBuildConfiguration;
			buildSettings = {
				ALWAYS_EMBED_SWIFT_STANDARD_LIBRARIES = YES;
				CODE_SIGN_STYLE = Automatic;
				CURRENT_PROJECT_VERSION = 1;
				GENERATE_INFOPLIST_FILE = YES;
				MARKETING_VERSION = 1.0;
				PRODUCT_BUNDLE_IDENTIFIER = com.cloudera.day2Tests;
				PRODUCT_NAME = "$(TARGET_NAME)";
				SWIFT_EMIT_LOC_STRINGS = NO;
				SWIFT_VERSION = 5.0;
			};
			name = Debug;
		};
		6154F6052939F22F00EE21BC /* Release */ = {
			isa = XCBuildConfiguration;
			buildSettings = {
				ALWAYS_EMBED_SWIFT_STANDARD_LIBRARIES = YES;
				CODE_SIGN_STYLE = Automatic;
				CURRENT_PROJECT_VERSION = 1;
				GENERATE_INFOPLIST_FILE = YES;
				MARKETING_VERSION = 1.0;
				PRODUCT_BUNDLE_IDENTIFIER = com.cloudera.day2Tests;
				PRODUCT_NAME = "$(TARGET_NAME)";
				SWIFT_EMIT_LOC_STRINGS = NO;
				SWIFT_VERSION = 5.0;
			};
			name = Release;
		};
		6154F6112939FC3C00EE21BC /* Debug */ = {
			isa = XCBuildConfiguration;
			buildSettings = {
				CODE_SIGN_STYLE = Automatic;
				PRODUCT_NAME = "$(TARGET_NAME)";
				SWIFT_VERSION = 5.0;
			};
			name = Debug;
		};
		6154F6122939FC3C00EE21BC /* Release */ = {
			isa = XCBuildConfiguration;
			buildSettings = {
				CODE_SIGN_STYLE = Automatic;
				PRODUCT_NAME = "$(TARGET_NAME)";
				SWIFT_VERSION = 5.0;
			};
			name = Release;
		};
		6154F62D293B4B0900EE21BC /* Debug */ = {
			isa = XCBuildConfiguration;
			buildSettings = {
				CLANG_ENABLE_MODULES = YES;
				CODE_SIGN_STYLE = Automatic;
				COMBINE_HIDPI_IMAGES = YES;
				CURRENT_PROJECT_VERSION = 1;
				DEFINES_MODULE = YES;
				DYLIB_COMPATIBILITY_VERSION = 1;
				DYLIB_CURRENT_VERSION = 1;
				DYLIB_INSTALL_NAME_BASE = "@rpath";
				GENERATE_INFOPLIST_FILE = YES;
				INFOPLIST_KEY_NSHumanReadableCopyright = "";
				INSTALL_PATH = "$(LOCAL_LIBRARY_DIR)/Frameworks";
				LD_RUNPATH_SEARCH_PATHS = (
					"$(inherited)",
					"@executable_path/../Frameworks",
					"@loader_path/Frameworks",
				);
				MARKETING_VERSION = 1.0;
				PRODUCT_BUNDLE_IDENTIFIER = com.cloudera.day3;
				PRODUCT_NAME = "$(TARGET_NAME:c99extidentifier)";
				SKIP_INSTALL = YES;
				SWIFT_EMIT_LOC_STRINGS = YES;
				SWIFT_OPTIMIZATION_LEVEL = "-Onone";
				SWIFT_VERSION = 5.0;
				VERSIONING_SYSTEM = "apple-generic";
				VERSION_INFO_PREFIX = "";
			};
			name = Debug;
		};
		6154F62E293B4B0900EE21BC /* Release */ = {
			isa = XCBuildConfiguration;
			buildSettings = {
				CLANG_ENABLE_MODULES = YES;
				CODE_SIGN_STYLE = Automatic;
				COMBINE_HIDPI_IMAGES = YES;
				CURRENT_PROJECT_VERSION = 1;
				DEFINES_MODULE = YES;
				DYLIB_COMPATIBILITY_VERSION = 1;
				DYLIB_CURRENT_VERSION = 1;
				DYLIB_INSTALL_NAME_BASE = "@rpath";
				GENERATE_INFOPLIST_FILE = YES;
				INFOPLIST_KEY_NSHumanReadableCopyright = "";
				INSTALL_PATH = "$(LOCAL_LIBRARY_DIR)/Frameworks";
				LD_RUNPATH_SEARCH_PATHS = (
					"$(inherited)",
					"@executable_path/../Frameworks",
					"@loader_path/Frameworks",
				);
				MARKETING_VERSION = 1.0;
				PRODUCT_BUNDLE_IDENTIFIER = com.cloudera.day3;
				PRODUCT_NAME = "$(TARGET_NAME:c99extidentifier)";
				SKIP_INSTALL = YES;
				SWIFT_EMIT_LOC_STRINGS = YES;
				SWIFT_VERSION = 5.0;
				VERSIONING_SYSTEM = "apple-generic";
				VERSION_INFO_PREFIX = "";
			};
			name = Release;
		};
		6154F630293B4B0900EE21BC /* Debug */ = {
			isa = XCBuildConfiguration;
			buildSettings = {
				ALWAYS_EMBED_SWIFT_STANDARD_LIBRARIES = YES;
				CODE_SIGN_STYLE = Automatic;
				CURRENT_PROJECT_VERSION = 1;
				GENERATE_INFOPLIST_FILE = YES;
				MARKETING_VERSION = 1.0;
				PRODUCT_BUNDLE_IDENTIFIER = com.cloudera.day3Tests;
				PRODUCT_NAME = "$(TARGET_NAME)";
				SWIFT_EMIT_LOC_STRINGS = NO;
				SWIFT_VERSION = 5.0;
			};
			name = Debug;
		};
		6154F631293B4B0900EE21BC /* Release */ = {
			isa = XCBuildConfiguration;
			buildSettings = {
				ALWAYS_EMBED_SWIFT_STANDARD_LIBRARIES = YES;
				CODE_SIGN_STYLE = Automatic;
				CURRENT_PROJECT_VERSION = 1;
				GENERATE_INFOPLIST_FILE = YES;
				MARKETING_VERSION = 1.0;
				PRODUCT_BUNDLE_IDENTIFIER = com.cloudera.day3Tests;
				PRODUCT_NAME = "$(TARGET_NAME)";
				SWIFT_EMIT_LOC_STRINGS = NO;
				SWIFT_VERSION = 5.0;
			};
			name = Release;
		};
		6154F63D293B55E000EE21BC /* Debug */ = {
			isa = XCBuildConfiguration;
			buildSettings = {
				CODE_SIGN_STYLE = Automatic;
				PRODUCT_NAME = "$(TARGET_NAME)";
				SWIFT_VERSION = 5.0;
			};
			name = Debug;
		};
		6154F63E293B55E000EE21BC /* Release */ = {
			isa = XCBuildConfiguration;
			buildSettings = {
				CODE_SIGN_STYLE = Automatic;
				PRODUCT_NAME = "$(TARGET_NAME)";
				SWIFT_VERSION = 5.0;
			};
			name = Release;
		};
		6154F658293C9B0A00EE21BC /* Debug */ = {
			isa = XCBuildConfiguration;
			buildSettings = {
				CLANG_ENABLE_MODULES = YES;
				CODE_SIGN_STYLE = Automatic;
				COMBINE_HIDPI_IMAGES = YES;
				CURRENT_PROJECT_VERSION = 1;
				DEFINES_MODULE = YES;
				DYLIB_COMPATIBILITY_VERSION = 1;
				DYLIB_CURRENT_VERSION = 1;
				DYLIB_INSTALL_NAME_BASE = "@rpath";
				GENERATE_INFOPLIST_FILE = YES;
				INFOPLIST_KEY_NSHumanReadableCopyright = "";
				INSTALL_PATH = "$(LOCAL_LIBRARY_DIR)/Frameworks";
				LD_RUNPATH_SEARCH_PATHS = (
					"$(inherited)",
					"@executable_path/../Frameworks",
					"@loader_path/Frameworks",
				);
				MARKETING_VERSION = 1.0;
				PRODUCT_BUNDLE_IDENTIFIER = com.cloudera.Day4;
				PRODUCT_NAME = "$(TARGET_NAME:c99extidentifier)";
				SKIP_INSTALL = YES;
				SWIFT_EMIT_LOC_STRINGS = YES;
				SWIFT_OPTIMIZATION_LEVEL = "-Onone";
				SWIFT_VERSION = 5.0;
				VERSIONING_SYSTEM = "apple-generic";
				VERSION_INFO_PREFIX = "";
			};
			name = Debug;
		};
		6154F659293C9B0A00EE21BC /* Release */ = {
			isa = XCBuildConfiguration;
			buildSettings = {
				CLANG_ENABLE_MODULES = YES;
				CODE_SIGN_STYLE = Automatic;
				COMBINE_HIDPI_IMAGES = YES;
				CURRENT_PROJECT_VERSION = 1;
				DEFINES_MODULE = YES;
				DYLIB_COMPATIBILITY_VERSION = 1;
				DYLIB_CURRENT_VERSION = 1;
				DYLIB_INSTALL_NAME_BASE = "@rpath";
				GENERATE_INFOPLIST_FILE = YES;
				INFOPLIST_KEY_NSHumanReadableCopyright = "";
				INSTALL_PATH = "$(LOCAL_LIBRARY_DIR)/Frameworks";
				LD_RUNPATH_SEARCH_PATHS = (
					"$(inherited)",
					"@executable_path/../Frameworks",
					"@loader_path/Frameworks",
				);
				MARKETING_VERSION = 1.0;
				PRODUCT_BUNDLE_IDENTIFIER = com.cloudera.Day4;
				PRODUCT_NAME = "$(TARGET_NAME:c99extidentifier)";
				SKIP_INSTALL = YES;
				SWIFT_EMIT_LOC_STRINGS = YES;
				SWIFT_VERSION = 5.0;
				VERSIONING_SYSTEM = "apple-generic";
				VERSION_INFO_PREFIX = "";
			};
			name = Release;
		};
		6154F65B293C9B0A00EE21BC /* Debug */ = {
			isa = XCBuildConfiguration;
			buildSettings = {
				ALWAYS_EMBED_SWIFT_STANDARD_LIBRARIES = YES;
				CODE_SIGN_STYLE = Automatic;
				CURRENT_PROJECT_VERSION = 1;
				GENERATE_INFOPLIST_FILE = YES;
				MARKETING_VERSION = 1.0;
				PRODUCT_BUNDLE_IDENTIFIER = com.cloudera.Day4Tests;
				PRODUCT_NAME = "$(TARGET_NAME)";
				SWIFT_EMIT_LOC_STRINGS = NO;
				SWIFT_VERSION = 5.0;
			};
			name = Debug;
		};
		6154F65C293C9B0A00EE21BC /* Release */ = {
			isa = XCBuildConfiguration;
			buildSettings = {
				ALWAYS_EMBED_SWIFT_STANDARD_LIBRARIES = YES;
				CODE_SIGN_STYLE = Automatic;
				CURRENT_PROJECT_VERSION = 1;
				GENERATE_INFOPLIST_FILE = YES;
				MARKETING_VERSION = 1.0;
				PRODUCT_BUNDLE_IDENTIFIER = com.cloudera.Day4Tests;
				PRODUCT_NAME = "$(TARGET_NAME)";
				SWIFT_EMIT_LOC_STRINGS = NO;
				SWIFT_VERSION = 5.0;
			};
			name = Release;
		};
		6154F668293CA06B00EE21BC /* Debug */ = {
			isa = XCBuildConfiguration;
			buildSettings = {
				CODE_SIGN_STYLE = Automatic;
				PRODUCT_NAME = "$(TARGET_NAME)";
				SWIFT_VERSION = 5.0;
			};
			name = Debug;
		};
		6154F669293CA06B00EE21BC /* Release */ = {
			isa = XCBuildConfiguration;
			buildSettings = {
				CODE_SIGN_STYLE = Automatic;
				PRODUCT_NAME = "$(TARGET_NAME)";
				SWIFT_VERSION = 5.0;
			};
			name = Release;
		};
		6154F683293E5E4E00EE21BC /* Debug */ = {
			isa = XCBuildConfiguration;
			buildSettings = {
				CLANG_ENABLE_MODULES = YES;
				CODE_SIGN_STYLE = Automatic;
				COMBINE_HIDPI_IMAGES = YES;
				CURRENT_PROJECT_VERSION = 1;
				DEFINES_MODULE = YES;
				DYLIB_COMPATIBILITY_VERSION = 1;
				DYLIB_CURRENT_VERSION = 1;
				DYLIB_INSTALL_NAME_BASE = "@rpath";
				GENERATE_INFOPLIST_FILE = YES;
				INFOPLIST_KEY_NSHumanReadableCopyright = "";
				INSTALL_PATH = "$(LOCAL_LIBRARY_DIR)/Frameworks";
				LD_RUNPATH_SEARCH_PATHS = (
					"$(inherited)",
					"@executable_path/../Frameworks",
					"@loader_path/Frameworks",
				);
				MARKETING_VERSION = 1.0;
				PRODUCT_BUNDLE_IDENTIFIER = com.cloudera.Day5;
				PRODUCT_NAME = "$(TARGET_NAME:c99extidentifier)";
				SKIP_INSTALL = YES;
				SWIFT_EMIT_LOC_STRINGS = YES;
				SWIFT_OPTIMIZATION_LEVEL = "-Onone";
				SWIFT_VERSION = 5.0;
				VERSIONING_SYSTEM = "apple-generic";
				VERSION_INFO_PREFIX = "";
			};
			name = Debug;
		};
		6154F684293E5E4E00EE21BC /* Release */ = {
			isa = XCBuildConfiguration;
			buildSettings = {
				CLANG_ENABLE_MODULES = YES;
				CODE_SIGN_STYLE = Automatic;
				COMBINE_HIDPI_IMAGES = YES;
				CURRENT_PROJECT_VERSION = 1;
				DEFINES_MODULE = YES;
				DYLIB_COMPATIBILITY_VERSION = 1;
				DYLIB_CURRENT_VERSION = 1;
				DYLIB_INSTALL_NAME_BASE = "@rpath";
				GENERATE_INFOPLIST_FILE = YES;
				INFOPLIST_KEY_NSHumanReadableCopyright = "";
				INSTALL_PATH = "$(LOCAL_LIBRARY_DIR)/Frameworks";
				LD_RUNPATH_SEARCH_PATHS = (
					"$(inherited)",
					"@executable_path/../Frameworks",
					"@loader_path/Frameworks",
				);
				MARKETING_VERSION = 1.0;
				PRODUCT_BUNDLE_IDENTIFIER = com.cloudera.Day5;
				PRODUCT_NAME = "$(TARGET_NAME:c99extidentifier)";
				SKIP_INSTALL = YES;
				SWIFT_EMIT_LOC_STRINGS = YES;
				SWIFT_VERSION = 5.0;
				VERSIONING_SYSTEM = "apple-generic";
				VERSION_INFO_PREFIX = "";
			};
			name = Release;
		};
		6154F686293E5E4E00EE21BC /* Debug */ = {
			isa = XCBuildConfiguration;
			buildSettings = {
				ALWAYS_EMBED_SWIFT_STANDARD_LIBRARIES = YES;
				CODE_SIGN_STYLE = Automatic;
				CURRENT_PROJECT_VERSION = 1;
				GENERATE_INFOPLIST_FILE = YES;
				MARKETING_VERSION = 1.0;
				PRODUCT_BUNDLE_IDENTIFIER = com.cloudera.Day5Tests;
				PRODUCT_NAME = "$(TARGET_NAME)";
				SWIFT_EMIT_LOC_STRINGS = NO;
				SWIFT_VERSION = 5.0;
			};
			name = Debug;
		};
		6154F687293E5E4E00EE21BC /* Release */ = {
			isa = XCBuildConfiguration;
			buildSettings = {
				ALWAYS_EMBED_SWIFT_STANDARD_LIBRARIES = YES;
				CODE_SIGN_STYLE = Automatic;
				CURRENT_PROJECT_VERSION = 1;
				GENERATE_INFOPLIST_FILE = YES;
				MARKETING_VERSION = 1.0;
				PRODUCT_BUNDLE_IDENTIFIER = com.cloudera.Day5Tests;
				PRODUCT_NAME = "$(TARGET_NAME)";
				SWIFT_EMIT_LOC_STRINGS = NO;
				SWIFT_VERSION = 5.0;
			};
			name = Release;
		};
		6154F693293E819F00EE21BC /* Debug */ = {
			isa = XCBuildConfiguration;
			buildSettings = {
				CODE_SIGN_STYLE = Automatic;
				PRODUCT_NAME = "$(TARGET_NAME)";
				SWIFT_VERSION = 5.0;
			};
			name = Debug;
		};
		6154F694293E819F00EE21BC /* Release */ = {
			isa = XCBuildConfiguration;
			buildSettings = {
				CODE_SIGN_STYLE = Automatic;
				PRODUCT_NAME = "$(TARGET_NAME)";
				SWIFT_VERSION = 5.0;
			};
			name = Release;
		};
		6154F6AE293F5DFC00EE21BC /* Debug */ = {
			isa = XCBuildConfiguration;
			buildSettings = {
				CLANG_ENABLE_MODULES = YES;
				CODE_SIGN_STYLE = Automatic;
				COMBINE_HIDPI_IMAGES = YES;
				CURRENT_PROJECT_VERSION = 1;
				DEFINES_MODULE = YES;
				DYLIB_COMPATIBILITY_VERSION = 1;
				DYLIB_CURRENT_VERSION = 1;
				DYLIB_INSTALL_NAME_BASE = "@rpath";
				GENERATE_INFOPLIST_FILE = YES;
				INFOPLIST_KEY_NSHumanReadableCopyright = "";
				INSTALL_PATH = "$(LOCAL_LIBRARY_DIR)/Frameworks";
				LD_RUNPATH_SEARCH_PATHS = (
					"$(inherited)",
					"@executable_path/../Frameworks",
					"@loader_path/Frameworks",
				);
				MARKETING_VERSION = 1.0;
				PRODUCT_BUNDLE_IDENTIFIER = com.cloudera.Day6;
				PRODUCT_NAME = "$(TARGET_NAME:c99extidentifier)";
				SKIP_INSTALL = YES;
				SWIFT_EMIT_LOC_STRINGS = YES;
				SWIFT_OPTIMIZATION_LEVEL = "-Onone";
				SWIFT_VERSION = 5.0;
				VERSIONING_SYSTEM = "apple-generic";
				VERSION_INFO_PREFIX = "";
			};
			name = Debug;
		};
		6154F6AF293F5DFC00EE21BC /* Release */ = {
			isa = XCBuildConfiguration;
			buildSettings = {
				CLANG_ENABLE_MODULES = YES;
				CODE_SIGN_STYLE = Automatic;
				COMBINE_HIDPI_IMAGES = YES;
				CURRENT_PROJECT_VERSION = 1;
				DEFINES_MODULE = YES;
				DYLIB_COMPATIBILITY_VERSION = 1;
				DYLIB_CURRENT_VERSION = 1;
				DYLIB_INSTALL_NAME_BASE = "@rpath";
				GENERATE_INFOPLIST_FILE = YES;
				INFOPLIST_KEY_NSHumanReadableCopyright = "";
				INSTALL_PATH = "$(LOCAL_LIBRARY_DIR)/Frameworks";
				LD_RUNPATH_SEARCH_PATHS = (
					"$(inherited)",
					"@executable_path/../Frameworks",
					"@loader_path/Frameworks",
				);
				MARKETING_VERSION = 1.0;
				PRODUCT_BUNDLE_IDENTIFIER = com.cloudera.Day6;
				PRODUCT_NAME = "$(TARGET_NAME:c99extidentifier)";
				SKIP_INSTALL = YES;
				SWIFT_EMIT_LOC_STRINGS = YES;
				SWIFT_VERSION = 5.0;
				VERSIONING_SYSTEM = "apple-generic";
				VERSION_INFO_PREFIX = "";
			};
			name = Release;
		};
		6154F6B1293F5DFC00EE21BC /* Debug */ = {
			isa = XCBuildConfiguration;
			buildSettings = {
				ALWAYS_EMBED_SWIFT_STANDARD_LIBRARIES = YES;
				CODE_SIGN_STYLE = Automatic;
				CURRENT_PROJECT_VERSION = 1;
				GENERATE_INFOPLIST_FILE = YES;
				MARKETING_VERSION = 1.0;
				PRODUCT_BUNDLE_IDENTIFIER = com.cloudera.Day6Tests;
				PRODUCT_NAME = "$(TARGET_NAME)";
				SWIFT_EMIT_LOC_STRINGS = NO;
				SWIFT_VERSION = 5.0;
			};
			name = Debug;
		};
		6154F6B2293F5DFC00EE21BC /* Release */ = {
			isa = XCBuildConfiguration;
			buildSettings = {
				ALWAYS_EMBED_SWIFT_STANDARD_LIBRARIES = YES;
				CODE_SIGN_STYLE = Automatic;
				CURRENT_PROJECT_VERSION = 1;
				GENERATE_INFOPLIST_FILE = YES;
				MARKETING_VERSION = 1.0;
				PRODUCT_BUNDLE_IDENTIFIER = com.cloudera.Day6Tests;
				PRODUCT_NAME = "$(TARGET_NAME)";
				SWIFT_EMIT_LOC_STRINGS = NO;
				SWIFT_VERSION = 5.0;
			};
			name = Release;
		};
		6154F6BE293F707300EE21BC /* Debug */ = {
			isa = XCBuildConfiguration;
			buildSettings = {
				CODE_SIGN_STYLE = Automatic;
				PRODUCT_NAME = "$(TARGET_NAME)";
				SWIFT_VERSION = 5.0;
			};
			name = Debug;
		};
		6154F6BF293F707300EE21BC /* Release */ = {
			isa = XCBuildConfiguration;
			buildSettings = {
				CODE_SIGN_STYLE = Automatic;
				PRODUCT_NAME = "$(TARGET_NAME)";
				SWIFT_VERSION = 5.0;
			};
			name = Release;
		};
/* End XCBuildConfiguration section */

/* Begin XCConfigurationList section */
		6154F56329391D8D00EE21BC /* Build configuration list for PBXProject "aoc2022" */ = {
			isa = XCConfigurationList;
			buildConfigurations = (
				6154F56D29391D8D00EE21BC /* Debug */,
				6154F56E29391D8D00EE21BC /* Release */,
			);
			defaultConfigurationIsVisible = 0;
			defaultConfigurationName = Release;
		};
		6154F5D22939388900EE21BC /* Build configuration list for PBXNativeTarget "day1" */ = {
			isa = XCConfigurationList;
			buildConfigurations = (
				6154F5D32939388900EE21BC /* Debug */,
				6154F5D42939388900EE21BC /* Release */,
			);
			defaultConfigurationIsVisible = 0;
			defaultConfigurationName = Release;
		};
		6154F5D52939388900EE21BC /* Build configuration list for PBXNativeTarget "day1Tests" */ = {
			isa = XCConfigurationList;
			buildConfigurations = (
				6154F5D62939388900EE21BC /* Debug */,
				6154F5D72939388900EE21BC /* Release */,
			);
			defaultConfigurationIsVisible = 0;
			defaultConfigurationName = Release;
		};
		6154F5E529393A6A00EE21BC /* Build configuration list for PBXNativeTarget "day1executable" */ = {
			isa = XCConfigurationList;
			buildConfigurations = (
				6154F5E629393A6A00EE21BC /* Debug */,
				6154F5E729393A6A00EE21BC /* Release */,
			);
			defaultConfigurationIsVisible = 0;
			defaultConfigurationName = Release;
		};
		6154F6002939F22F00EE21BC /* Build configuration list for PBXNativeTarget "day2" */ = {
			isa = XCConfigurationList;
			buildConfigurations = (
				6154F6012939F22F00EE21BC /* Debug */,
				6154F6022939F22F00EE21BC /* Release */,
			);
			defaultConfigurationIsVisible = 0;
			defaultConfigurationName = Release;
		};
		6154F6032939F22F00EE21BC /* Build configuration list for PBXNativeTarget "day2Tests" */ = {
			isa = XCConfigurationList;
			buildConfigurations = (
				6154F6042939F22F00EE21BC /* Debug */,
				6154F6052939F22F00EE21BC /* Release */,
			);
			defaultConfigurationIsVisible = 0;
			defaultConfigurationName = Release;
		};
		6154F6102939FC3C00EE21BC /* Build configuration list for PBXNativeTarget "day2Executable" */ = {
			isa = XCConfigurationList;
			buildConfigurations = (
				6154F6112939FC3C00EE21BC /* Debug */,
				6154F6122939FC3C00EE21BC /* Release */,
			);
			defaultConfigurationIsVisible = 0;
			defaultConfigurationName = Release;
		};
		6154F62C293B4B0900EE21BC /* Build configuration list for PBXNativeTarget "day3" */ = {
			isa = XCConfigurationList;
			buildConfigurations = (
				6154F62D293B4B0900EE21BC /* Debug */,
				6154F62E293B4B0900EE21BC /* Release */,
			);
			defaultConfigurationIsVisible = 0;
			defaultConfigurationName = Release;
		};
		6154F62F293B4B0900EE21BC /* Build configuration list for PBXNativeTarget "day3Tests" */ = {
			isa = XCConfigurationList;
			buildConfigurations = (
				6154F630293B4B0900EE21BC /* Debug */,
				6154F631293B4B0900EE21BC /* Release */,
			);
			defaultConfigurationIsVisible = 0;
			defaultConfigurationName = Release;
		};
		6154F63C293B55E000EE21BC /* Build configuration list for PBXNativeTarget "day3Executable" */ = {
			isa = XCConfigurationList;
			buildConfigurations = (
				6154F63D293B55E000EE21BC /* Debug */,
				6154F63E293B55E000EE21BC /* Release */,
			);
			defaultConfigurationIsVisible = 0;
			defaultConfigurationName = Release;
		};
		6154F657293C9B0A00EE21BC /* Build configuration list for PBXNativeTarget "Day4" */ = {
			isa = XCConfigurationList;
			buildConfigurations = (
				6154F658293C9B0A00EE21BC /* Debug */,
				6154F659293C9B0A00EE21BC /* Release */,
			);
			defaultConfigurationIsVisible = 0;
			defaultConfigurationName = Release;
		};
		6154F65A293C9B0A00EE21BC /* Build configuration list for PBXNativeTarget "Day4Tests" */ = {
			isa = XCConfigurationList;
			buildConfigurations = (
				6154F65B293C9B0A00EE21BC /* Debug */,
				6154F65C293C9B0A00EE21BC /* Release */,
			);
			defaultConfigurationIsVisible = 0;
			defaultConfigurationName = Release;
		};
		6154F667293CA06B00EE21BC /* Build configuration list for PBXNativeTarget "Day4Executable" */ = {
			isa = XCConfigurationList;
			buildConfigurations = (
				6154F668293CA06B00EE21BC /* Debug */,
				6154F669293CA06B00EE21BC /* Release */,
			);
			defaultConfigurationIsVisible = 0;
			defaultConfigurationName = Release;
		};
		6154F682293E5E4E00EE21BC /* Build configuration list for PBXNativeTarget "Day5" */ = {
			isa = XCConfigurationList;
			buildConfigurations = (
				6154F683293E5E4E00EE21BC /* Debug */,
				6154F684293E5E4E00EE21BC /* Release */,
			);
			defaultConfigurationIsVisible = 0;
			defaultConfigurationName = Release;
		};
		6154F685293E5E4E00EE21BC /* Build configuration list for PBXNativeTarget "Day5Tests" */ = {
			isa = XCConfigurationList;
			buildConfigurations = (
				6154F686293E5E4E00EE21BC /* Debug */,
				6154F687293E5E4E00EE21BC /* Release */,
			);
			defaultConfigurationIsVisible = 0;
			defaultConfigurationName = Release;
		};
		6154F692293E819F00EE21BC /* Build configuration list for PBXNativeTarget "Day5Executable" */ = {
			isa = XCConfigurationList;
			buildConfigurations = (
				6154F693293E819F00EE21BC /* Debug */,
				6154F694293E819F00EE21BC /* Release */,
			);
			defaultConfigurationIsVisible = 0;
			defaultConfigurationName = Release;
		};
		6154F6AD293F5DFC00EE21BC /* Build configuration list for PBXNativeTarget "Day6" */ = {
			isa = XCConfigurationList;
			buildConfigurations = (
				6154F6AE293F5DFC00EE21BC /* Debug */,
				6154F6AF293F5DFC00EE21BC /* Release */,
			);
			defaultConfigurationIsVisible = 0;
			defaultConfigurationName = Release;
		};
		6154F6B0293F5DFC00EE21BC /* Build configuration list for PBXNativeTarget "Day6Tests" */ = {
			isa = XCConfigurationList;
			buildConfigurations = (
				6154F6B1293F5DFC00EE21BC /* Debug */,
				6154F6B2293F5DFC00EE21BC /* Release */,
			);
			defaultConfigurationIsVisible = 0;
			defaultConfigurationName = Release;
		};
		6154F6BD293F707300EE21BC /* Build configuration list for PBXNativeTarget "Day6Executable" */ = {
			isa = XCConfigurationList;
			buildConfigurations = (
				6154F6BE293F707300EE21BC /* Debug */,
				6154F6BF293F707300EE21BC /* Release */,
			);
			defaultConfigurationIsVisible = 0;
			defaultConfigurationName = Release;
		};
/* End XCConfigurationList section */
	};
	rootObject = 6154F56029391D8D00EE21BC /* Project object */;
}
